
Microsoft Visual Studio Solution File, Format Version 12.00
# Visual Studio Version 17
VisualStudioVersion = 17.14.36414.22 d17.14
MinimumVisualStudioVersion = 10.0.40219.1
Project("{FAE04EC0-301F-11D3-BF4B-00C04F79EFBC}") = "Custom Localization", "CustomLocalization\Custom Localization.csproj", "{75E627C9-204B-408B-9E83-9C52E452C1F5}"
EndProject
Global
	GlobalSection(SolutionConfigurationPlatforms) = preSolution
		Debug|Any CPU = Debug|Any CPU
		Release|Any CPU = Release|Any CPU
	EndGlobalSection
	GlobalSection(ProjectConfigurationPlatforms) = postSolution
		{75E627C9-204B-408B-9E83-9C52E452C1F5}.Debug|Any CPU.ActiveCfg = Debug|Any CPU
		{75E627C9-204B-408B-9E83-9C52E452C1F5}.Debug|Any CPU.Build.0 = Debug|Any CPU
		{75E627C9-204B-408B-9E83-9C52E452C1F5}.Release|Any CPU.ActiveCfg = Release|Any CPU
		{75E627C9-204B-408B-9E83-9C52E452C1F5}.Release|Any CPU.Build.0 = Release|Any CPU
	EndGlobalSection
	GlobalSection(SolutionProperties) = preSolution
		HideSolutionNode = FALSE
	EndGlobalSection
	GlobalSection(ExtensibilityGlobals) = postSolution
		SolutionGuid = {7FD5B535-2A4A-4CA4-8532-FF48B63E7CF4}
	EndGlobalSection
EndGlobal
