
Microsoft Visual Studio Solution File, Format Version 12.00
# Visual Studio Version 16
VisualStudioVersion = 16.0.30001.183
MinimumVisualStudioVersion = 10.0.40219.1
Project("{FAE04EC0-301F-11D3-BF4B-00C04F79EFBC}") = "CustomFields", "CustomFields.csproj", "{F2BF0CE9-A1A3-4AEC-8421-EB62D8DCD900}"
EndProject
Project("{FAE04EC0-301F-11D3-BF4B-00C04F79EFBC}") = "CustomFields.WPF.4.5.2", "..\..\..\..\..\..\Controls\Reports\C1Preview\CustomFields\WPF\CustomFields.WPF.4.5.2.csproj", "{DDA1530A-297F-4F2C-B22F-E4154410705C}"
EndProject
Global
	GlobalSection(SolutionConfigurationPlatforms) = preSolution
		Debug_GRAPECITY|Any CPU = Debug_GRAPECITY|Any CPU
		Debug_GRAPECITY|Mixed Platforms = Debug_GRAPECITY|Mixed Platforms
		Debug_GRAPECITY|x64 = Debug_GRAPECITY|x64
		Debug_GRAPECITY|x86 = Debug_GRAPECITY|x86
		Debug|Any CPU = Debug|Any CPU
		Debug|Mixed Platforms = Debug|Mixed Platforms
		Debug|x64 = Debug|x64
		Debug|x86 = Debug|x86
		Release_GRAPECITY|Any CPU = Release_GRAPECITY|Any CPU
		Release_GRAPECITY|Mixed Platforms = Release_GRAPECITY|Mixed Platforms
		Release_GRAPECITY|x64 = Release_GRAPECITY|x64
		Release_GRAPECITY|x86 = Release_GRAPECITY|x86
		Release|Any CPU = Release|Any CPU
		Release|Mixed Platforms = Release|Mixed Platforms
		Release|x64 = Release|x64
		Release|x86 = Release|x86
	EndGlobalSection
	GlobalSection(ProjectConfigurationPlatforms) = postSolution
		{F2BF0CE9-A1A3-4AEC-8421-EB62D8DCD900}.Debug_GRAPECITY|Any CPU.ActiveCfg = Debug|x86
		{F2BF0CE9-A1A3-4AEC-8421-EB62D8DCD900}.Debug_GRAPECITY|Mixed Platforms.ActiveCfg = Debug|x86
		{F2BF0CE9-A1A3-4AEC-8421-EB62D8DCD900}.Debug_GRAPECITY|Mixed Platforms.Build.0 = Debug|x86
		{F2BF0CE9-A1A3-4AEC-8421-EB62D8DCD900}.Debug_GRAPECITY|x64.ActiveCfg = Debug|x86
		{F2BF0CE9-A1A3-4AEC-8421-EB62D8DCD900}.Debug_GRAPECITY|x86.ActiveCfg = Debug|x86
		{F2BF0CE9-A1A3-4AEC-8421-EB62D8DCD900}.Debug_GRAPECITY|x86.Build.0 = Debug|x86
		{F2BF0CE9-A1A3-4AEC-8421-EB62D8DCD900}.Debug|Any CPU.ActiveCfg = Debug|x86
		{F2BF0CE9-A1A3-4AEC-8421-EB62D8DCD900}.Debug|Any CPU.Build.0 = Debug|x86
		{F2BF0CE9-A1A3-4AEC-8421-EB62D8DCD900}.Debug|Mixed Platforms.ActiveCfg = Debug|x86
		{F2BF0CE9-A1A3-4AEC-8421-EB62D8DCD900}.Debug|Mixed Platforms.Build.0 = Debug|x86
		{F2BF0CE9-A1A3-4AEC-8421-EB62D8DCD900}.Debug|x64.ActiveCfg = Debug|x86
		{F2BF0CE9-A1A3-4AEC-8421-EB62D8DCD900}.Debug|x86.ActiveCfg = Debug|x86
		{F2BF0CE9-A1A3-4AEC-8421-EB62D8DCD900}.Debug|x86.Build.0 = Debug|x86
		{F2BF0CE9-A1A3-4AEC-8421-EB62D8DCD900}.Release_GRAPECITY|Any CPU.ActiveCfg = Release|x86
		{F2BF0CE9-A1A3-4AEC-8421-EB62D8DCD900}.Release_GRAPECITY|Mixed Platforms.ActiveCfg = Release|x86
		{F2BF0CE9-A1A3-4AEC-8421-EB62D8DCD900}.Release_GRAPECITY|Mixed Platforms.Build.0 = Release|x86
		{F2BF0CE9-A1A3-4AEC-8421-EB62D8DCD900}.Release_GRAPECITY|x64.ActiveCfg = Release|x86
		{F2BF0CE9-A1A3-4AEC-8421-EB62D8DCD900}.Release_GRAPECITY|x86.ActiveCfg = Release|x86
		{F2BF0CE9-A1A3-4AEC-8421-EB62D8DCD900}.Release_GRAPECITY|x86.Build.0 = Release|x86
		{F2BF0CE9-A1A3-4AEC-8421-EB62D8DCD900}.Release|Any CPU.ActiveCfg = Release|x86
		{F2BF0CE9-A1A3-4AEC-8421-EB62D8DCD900}.Release|Mixed Platforms.ActiveCfg = Release|x86
		{F2BF0CE9-A1A3-4AEC-8421-EB62D8DCD900}.Release|Mixed Platforms.Build.0 = Release|x86
		{F2BF0CE9-A1A3-4AEC-8421-EB62D8DCD900}.Release|x64.ActiveCfg = Release|x86
		{F2BF0CE9-A1A3-4AEC-8421-EB62D8DCD900}.Release|x86.ActiveCfg = Release|x86
		{F2BF0CE9-A1A3-4AEC-8421-EB62D8DCD900}.Release|x86.Build.0 = Release|x86
		{DDA1530A-297F-4F2C-B22F-E4154410705C}.Debug_GRAPECITY|Any CPU.ActiveCfg = Debug_GRAPECITY|Any CPU
		{DDA1530A-297F-4F2C-B22F-E4154410705C}.Debug_GRAPECITY|Any CPU.Build.0 = Debug_GRAPECITY|Any CPU
		{DDA1530A-297F-4F2C-B22F-E4154410705C}.Debug_GRAPECITY|Mixed Platforms.ActiveCfg = Debug_GRAPECITY|Any CPU
		{DDA1530A-297F-4F2C-B22F-E4154410705C}.Debug_GRAPECITY|Mixed Platforms.Build.0 = Debug_GRAPECITY|Any CPU
		{DDA1530A-297F-4F2C-B22F-E4154410705C}.Debug_GRAPECITY|x64.ActiveCfg = Debug_GRAPECITY|Any CPU
		{DDA1530A-297F-4F2C-B22F-E4154410705C}.Debug_GRAPECITY|x64.Build.0 = Debug_GRAPECITY|Any CPU
		{DDA1530A-297F-4F2C-B22F-E4154410705C}.Debug_GRAPECITY|x86.ActiveCfg = Debug_GRAPECITY|Any CPU
		{DDA1530A-297F-4F2C-B22F-E4154410705C}.Debug_GRAPECITY|x86.Build.0 = Debug_GRAPECITY|Any CPU
		{DDA1530A-297F-4F2C-B22F-E4154410705C}.Debug|Any CPU.ActiveCfg = Debug|Any CPU
		{DDA1530A-297F-4F2C-B22F-E4154410705C}.Debug|Any CPU.Build.0 = Debug|Any CPU
		{DDA1530A-297F-4F2C-B22F-E4154410705C}.Debug|Mixed Platforms.ActiveCfg = Debug|Any CPU
		{DDA1530A-297F-4F2C-B22F-E4154410705C}.Debug|Mixed Platforms.Build.0 = Debug|Any CPU
		{DDA1530A-297F-4F2C-B22F-E4154410705C}.Debug|x64.ActiveCfg = Debug|Any CPU
		{DDA1530A-297F-4F2C-B22F-E4154410705C}.Debug|x64.Build.0 = Debug|Any CPU
		{DDA1530A-297F-4F2C-B22F-E4154410705C}.Debug|x86.ActiveCfg = Debug|Any CPU
		{DDA1530A-297F-4F2C-B22F-E4154410705C}.Debug|x86.Build.0 = Debug|Any CPU
		{DDA1530A-297F-4F2C-B22F-E4154410705C}.Release_GRAPECITY|Any CPU.ActiveCfg = Release_GRAPECITY|Any CPU
		{DDA1530A-297F-4F2C-B22F-E4154410705C}.Release_GRAPECITY|Any CPU.Build.0 = Release_GRAPECITY|Any CPU
		{DDA1530A-297F-4F2C-B22F-E4154410705C}.Release_GRAPECITY|Mixed Platforms.ActiveCfg = Release_GRAPECITY|Any CPU
		{DDA1530A-297F-4F2C-B22F-E4154410705C}.Release_GRAPECITY|Mixed Platforms.Build.0 = Release_GRAPECITY|Any CPU
		{DDA1530A-297F-4F2C-B22F-E4154410705C}.Release_GRAPECITY|x64.ActiveCfg = Release_GRAPECITY|Any CPU
		{DDA1530A-297F-4F2C-B22F-E4154410705C}.Release_GRAPECITY|x64.Build.0 = Release_GRAPECITY|Any CPU
		{DDA1530A-297F-4F2C-B22F-E4154410705C}.Release_GRAPECITY|x86.ActiveCfg = Release_GRAPECITY|Any CPU
		{DDA1530A-297F-4F2C-B22F-E4154410705C}.Release_GRAPECITY|x86.Build.0 = Release_GRAPECITY|Any CPU
		{DDA1530A-297F-4F2C-B22F-E4154410705C}.Release|Any CPU.ActiveCfg = Release|Any CPU
		{DDA1530A-297F-4F2C-B22F-E4154410705C}.Release|Any CPU.Build.0 = Release|Any CPU
		{DDA1530A-297F-4F2C-B22F-E4154410705C}.Release|Mixed Platforms.ActiveCfg = Release|Any CPU
		{DDA1530A-297F-4F2C-B22F-E4154410705C}.Release|Mixed Platforms.Build.0 = Release|Any CPU
		{DDA1530A-297F-4F2C-B22F-E4154410705C}.Release|x64.ActiveCfg = Release|Any CPU
		{DDA1530A-297F-4F2C-B22F-E4154410705C}.Release|x64.Build.0 = Release|Any CPU
		{DDA1530A-297F-4F2C-B22F-E4154410705C}.Release|x86.ActiveCfg = Release|Any CPU
		{DDA1530A-297F-4F2C-B22F-E4154410705C}.Release|x86.Build.0 = Release|Any CPU
	EndGlobalSection
	GlobalSection(SolutionProperties) = preSolution
		HideSolutionNode = FALSE
	EndGlobalSection
	GlobalSection(ExtensibilityGlobals) = postSolution
		SolutionGuid = {9B2DB3B2-A9C1-4849-A675-B5B4BA210E4B}
	EndGlobalSection
	GlobalSection(TeamFoundationVersionControl) = preSolution
		SccNumberOfProjects = 3
		SccEnterpriseProvider = {4CA58AB2-18FA-4F8D-95D4-32DDF27D184C}
		SccTeamFoundationServer = https://tfsdevel.componentone.com:8090/tfs/defaultcollection
		SccLocalPath0 = .
		SccProjectUniqueName1 = CustomFields.csproj
		SccLocalPath1 = .
		SccProjectUniqueName2 = ..\\..\\..\\..\\..\\..\\Controls\\Reports\\C1Preview\\CustomFields\\WPF\\CustomFields.WPF.4.5.2.csproj
		SccProjectName2 = ../../../../../../Controls/Reports/C1Preview/CustomFields/WPF
		SccLocalPath2 = ..\\..\\..\\..\\..\\..\\Controls\\Reports\\C1Preview\\CustomFields\\WPF
	EndGlobalSection
EndGlobal
