
Microsoft Visual Studio Solution File, Format Version 11.00
# Visual Studio 2010
Project("{FAE04EC0-301F-11D3-BF4B-00C04F79EFBC}") = "RenamingTabs", "RenamingTabs.csproj", "{A0A7E51D-68DC-401F-848F-02AA26A02206}"
EndProject
Global
	GlobalSection(SolutionConfigurationPlatforms) = preSolution
		Debug|Any CPU = Debug|Any CPU
		Debug|Mixed Platforms = Debug|Mixed Platforms
		Debug|x86 = Debug|x86
		Debug10|Any CPU = Debug10|Any CPU
		Debug10|Mixed Platforms = Debug10|Mixed Platforms
		Debug10|x86 = Debug10|x86
		Debug11|Any CPU = Debug11|Any CPU
		Debug11|Mixed Platforms = Debug11|Mixed Platforms
		Debug11|x86 = Debug11|x86
		Debug12|Any CPU = Debug12|Any CPU
		Debug12|Mixed Platforms = Debug12|Mixed Platforms
		Debug12|x86 = Debug12|x86
		Debug13|Any CPU = Debug13|Any CPU
		Debug13|Mixed Platforms = Debug13|Mixed Platforms
		Debug13|x86 = Debug13|x86
		Debug3|Any CPU = Debug3|Any CPU
		Debug3|Mixed Platforms = Debug3|Mixed Platforms
		Debug3|x86 = Debug3|x86
		Debug4|Any CPU = Debug4|Any CPU
		Debug4|Mixed Platforms = Debug4|Mixed Platforms
		Debug4|x86 = Debug4|x86
		Debug5|Any CPU = Debug5|Any CPU
		Debug5|Mixed Platforms = Debug5|Mixed Platforms
		Debug5|x86 = Debug5|x86
		Debug6|Any CPU = Debug6|Any CPU
		Debug6|Mixed Platforms = Debug6|Mixed Platforms
		Debug6|x86 = Debug6|x86
		Debug7|Any CPU = Debug7|Any CPU
		Debug7|Mixed Platforms = Debug7|Mixed Platforms
		Debug7|x86 = Debug7|x86
		Debug9|Any CPU = Debug9|Any CPU
		Debug9|Mixed Platforms = Debug9|Mixed Platforms
		Debug9|x86 = Debug9|x86
		GrapeCity|Any CPU = GrapeCity|Any CPU
		GrapeCity|Mixed Platforms = GrapeCity|Mixed Platforms
		GrapeCity|x86 = GrapeCity|x86
		Release|Any CPU = Release|Any CPU
		Release|Mixed Platforms = Release|Mixed Platforms
		Release|x86 = Release|x86
	EndGlobalSection
	GlobalSection(ProjectConfigurationPlatforms) = postSolution
		{A0A7E51D-68DC-401F-848F-02AA26A02206}.Debug|Any CPU.ActiveCfg = Debug|x86
		{A0A7E51D-68DC-401F-848F-02AA26A02206}.Debug|Mixed Platforms.ActiveCfg = Debug|x86
		{A0A7E51D-68DC-401F-848F-02AA26A02206}.Debug|Mixed Platforms.Build.0 = Debug|x86
		{A0A7E51D-68DC-401F-848F-02AA26A02206}.Debug|x86.ActiveCfg = Debug|x86
		{A0A7E51D-68DC-401F-848F-02AA26A02206}.Debug|x86.Build.0 = Debug|x86
		{A0A7E51D-68DC-401F-848F-02AA26A02206}.Debug10|Any CPU.ActiveCfg = Debug|x86
		{A0A7E51D-68DC-401F-848F-02AA26A02206}.Debug10|Mixed Platforms.ActiveCfg = Debug|x86
		{A0A7E51D-68DC-401F-848F-02AA26A02206}.Debug10|Mixed Platforms.Build.0 = Debug|x86
		{A0A7E51D-68DC-401F-848F-02AA26A02206}.Debug10|x86.ActiveCfg = Debug|x86
		{A0A7E51D-68DC-401F-848F-02AA26A02206}.Debug10|x86.Build.0 = Debug|x86
		{A0A7E51D-68DC-401F-848F-02AA26A02206}.Debug11|Any CPU.ActiveCfg = Debug|x86
		{A0A7E51D-68DC-401F-848F-02AA26A02206}.Debug11|Mixed Platforms.ActiveCfg = Debug|x86
		{A0A7E51D-68DC-401F-848F-02AA26A02206}.Debug11|Mixed Platforms.Build.0 = Debug|x86
		{A0A7E51D-68DC-401F-848F-02AA26A02206}.Debug11|x86.ActiveCfg = Debug|x86
		{A0A7E51D-68DC-401F-848F-02AA26A02206}.Debug11|x86.Build.0 = Debug|x86
		{A0A7E51D-68DC-401F-848F-02AA26A02206}.Debug12|Any CPU.ActiveCfg = Debug|x86
		{A0A7E51D-68DC-401F-848F-02AA26A02206}.Debug12|Mixed Platforms.ActiveCfg = Debug|x86
		{A0A7E51D-68DC-401F-848F-02AA26A02206}.Debug12|Mixed Platforms.Build.0 = Debug|x86
		{A0A7E51D-68DC-401F-848F-02AA26A02206}.Debug12|x86.ActiveCfg = Debug|x86
		{A0A7E51D-68DC-401F-848F-02AA26A02206}.Debug12|x86.Build.0 = Debug|x86
		{A0A7E51D-68DC-401F-848F-02AA26A02206}.Debug13|Any CPU.ActiveCfg = Debug|x86
		{A0A7E51D-68DC-401F-848F-02AA26A02206}.Debug13|Mixed Platforms.ActiveCfg = Debug|x86
		{A0A7E51D-68DC-401F-848F-02AA26A02206}.Debug13|Mixed Platforms.Build.0 = Debug|x86
		{A0A7E51D-68DC-401F-848F-02AA26A02206}.Debug13|x86.ActiveCfg = Debug|x86
		{A0A7E51D-68DC-401F-848F-02AA26A02206}.Debug13|x86.Build.0 = Debug|x86
		{A0A7E51D-68DC-401F-848F-02AA26A02206}.Debug3|Any CPU.ActiveCfg = Debug|x86
		{A0A7E51D-68DC-401F-848F-02AA26A02206}.Debug3|Mixed Platforms.ActiveCfg = Debug|x86
		{A0A7E51D-68DC-401F-848F-02AA26A02206}.Debug3|Mixed Platforms.Build.0 = Debug|x86
		{A0A7E51D-68DC-401F-848F-02AA26A02206}.Debug3|x86.ActiveCfg = Debug|x86
		{A0A7E51D-68DC-401F-848F-02AA26A02206}.Debug3|x86.Build.0 = Debug|x86
		{A0A7E51D-68DC-401F-848F-02AA26A02206}.Debug4|Any CPU.ActiveCfg = Debug|x86
		{A0A7E51D-68DC-401F-848F-02AA26A02206}.Debug4|Mixed Platforms.ActiveCfg = Debug|x86
		{A0A7E51D-68DC-401F-848F-02AA26A02206}.Debug4|Mixed Platforms.Build.0 = Debug|x86
		{A0A7E51D-68DC-401F-848F-02AA26A02206}.Debug4|x86.ActiveCfg = Debug|x86
		{A0A7E51D-68DC-401F-848F-02AA26A02206}.Debug4|x86.Build.0 = Debug|x86
		{A0A7E51D-68DC-401F-848F-02AA26A02206}.Debug5|Any CPU.ActiveCfg = Debug|x86
		{A0A7E51D-68DC-401F-848F-02AA26A02206}.Debug5|Mixed Platforms.ActiveCfg = Debug|x86
		{A0A7E51D-68DC-401F-848F-02AA26A02206}.Debug5|Mixed Platforms.Build.0 = Debug|x86
		{A0A7E51D-68DC-401F-848F-02AA26A02206}.Debug5|x86.ActiveCfg = Debug|x86
		{A0A7E51D-68DC-401F-848F-02AA26A02206}.Debug5|x86.Build.0 = Debug|x86
		{A0A7E51D-68DC-401F-848F-02AA26A02206}.Debug6|Any CPU.ActiveCfg = Debug|x86
		{A0A7E51D-68DC-401F-848F-02AA26A02206}.Debug6|Mixed Platforms.ActiveCfg = Debug|x86
		{A0A7E51D-68DC-401F-848F-02AA26A02206}.Debug6|Mixed Platforms.Build.0 = Debug|x86
		{A0A7E51D-68DC-401F-848F-02AA26A02206}.Debug6|x86.ActiveCfg = Debug|x86
		{A0A7E51D-68DC-401F-848F-02AA26A02206}.Debug6|x86.Build.0 = Debug|x86
		{A0A7E51D-68DC-401F-848F-02AA26A02206}.Debug7|Any CPU.ActiveCfg = Debug|x86
		{A0A7E51D-68DC-401F-848F-02AA26A02206}.Debug7|Mixed Platforms.ActiveCfg = Debug|x86
		{A0A7E51D-68DC-401F-848F-02AA26A02206}.Debug7|Mixed Platforms.Build.0 = Debug|x86
		{A0A7E51D-68DC-401F-848F-02AA26A02206}.Debug7|x86.ActiveCfg = Debug|x86
		{A0A7E51D-68DC-401F-848F-02AA26A02206}.Debug7|x86.Build.0 = Debug|x86
		{A0A7E51D-68DC-401F-848F-02AA26A02206}.Debug9|Any CPU.ActiveCfg = Debug|x86
		{A0A7E51D-68DC-401F-848F-02AA26A02206}.Debug9|Mixed Platforms.ActiveCfg = Debug|x86
		{A0A7E51D-68DC-401F-848F-02AA26A02206}.Debug9|Mixed Platforms.Build.0 = Debug|x86
		{A0A7E51D-68DC-401F-848F-02AA26A02206}.Debug9|x86.ActiveCfg = Debug|x86
		{A0A7E51D-68DC-401F-848F-02AA26A02206}.Debug9|x86.Build.0 = Debug|x86
		{A0A7E51D-68DC-401F-848F-02AA26A02206}.GrapeCity|Any CPU.ActiveCfg = Release|x86
		{A0A7E51D-68DC-401F-848F-02AA26A02206}.GrapeCity|Mixed Platforms.ActiveCfg = Release|x86
		{A0A7E51D-68DC-401F-848F-02AA26A02206}.GrapeCity|Mixed Platforms.Build.0 = Release|x86
		{A0A7E51D-68DC-401F-848F-02AA26A02206}.GrapeCity|x86.ActiveCfg = Release|x86
		{A0A7E51D-68DC-401F-848F-02AA26A02206}.GrapeCity|x86.Build.0 = Release|x86
		{A0A7E51D-68DC-401F-848F-02AA26A02206}.Release|Any CPU.ActiveCfg = Release|x86
		{A0A7E51D-68DC-401F-848F-02AA26A02206}.Release|Mixed Platforms.ActiveCfg = Release|x86
		{A0A7E51D-68DC-401F-848F-02AA26A02206}.Release|Mixed Platforms.Build.0 = Release|x86
		{A0A7E51D-68DC-401F-848F-02AA26A02206}.Release|x86.ActiveCfg = Release|x86
		{A0A7E51D-68DC-401F-848F-02AA26A02206}.Release|x86.Build.0 = Release|x86
	EndGlobalSection
	GlobalSection(SolutionProperties) = preSolution
		HideSolutionNode = FALSE
	EndGlobalSection
EndGlobal
