
Microsoft Visual Studio Solution File, Format Version 12.00
# Visual Studio 14
VisualStudioVersion = 14.0.25420.1
MinimumVisualStudioVersion = 10.0.40219.1
Project("{55B3CF8C-A2EC-47EF-AB50-6A1D4564B8FD}") = "ResizeColumn.vbproj", "ResizeColumn.vbproj", "{7E2D47A3-0D67-43CD-B82A-F2A369EBA3D9}"
EndProject
Global
	GlobalSection(SolutionConfigurationPlatforms) = preSolution
		Debug|Any CPU = Debug|Any CPU
		Release|Any CPU = Release|Any CPU
	EndGlobalSection
	GlobalSection(ProjectConfigurationPlatforms) = postSolution
		{7E2D47A3-0D67-43CD-B82A-F2A369EBA3D9}.Debug|Any CPU.ActiveCfg = Debug|Any CPU
		{7E2D47A3-0D67-43CD-B82A-F2A369EBA3D9}.Debug|Any CPU.Build.0 = Debug|Any CPU
		{7E2D47A3-0D67-43CD-B82A-F2A369EBA3D9}.Release|Any CPU.ActiveCfg = Release|Any CPU
		{7E2D47A3-0D67-43CD-B82A-F2A369EBA3D9}.Release|Any CPU.Build.0 = Release|Any CPU
	EndGlobalSection
	GlobalSection(SolutionProperties) = preSolution
		HideSolutionNode = FALSE
	EndGlobalSection
EndGlobal
