
Microsoft Visual Studio Solution File, Format Version 12.00
# Visual Studio Version 16
VisualStudioVersion = 16.0.30626.31
MinimumVisualStudioVersion = 10.0.40219.1
Project("{FAE04EC0-301F-11D3-BF4B-00C04F79EFBC}") = "ExtendedFeatures", "ExtendedFeatures.csproj", "{1FB6CA28-0888-4ED0-8548-CA090858D802}"
EndProject
Global
	GlobalSection(SolutionConfigurationPlatforms) = preSolution
		Debug|Any CPU = Debug|Any CPU
		Release|Any CPU = Release|Any CPU
	EndGlobalSection
	GlobalSection(ProjectConfigurationPlatforms) = postSolution
		{1FB6CA28-0888-4ED0-8548-CA090858D802}.Debug|Any CPU.ActiveCfg = Debug|Any CPU
		{1FB6CA28-0888-4ED0-8548-CA090858D802}.Debug|Any CPU.Build.0 = Debug|Any CPU
		{1FB6CA28-0888-4ED0-8548-CA090858D802}.Release|Any CPU.ActiveCfg = Release|Any CPU
		{1FB6CA28-0888-4ED0-8548-CA090858D802}.Release|Any CPU.Build.0 = Release|Any CPU
	EndGlobalSection
	GlobalSection(SolutionProperties) = preSolution
		HideSolutionNode = FALSE
	EndGlobalSection
	GlobalSection(ExtensibilityGlobals) = postSolution
		SolutionGuid = {F173AB77-7A6F-4ED2-AD51-2261B7B56728}
	EndGlobalSection
EndGlobal
