
Microsoft Visual Studio Solution File, Format Version 12.00
# Visual Studio Version 17
VisualStudioVersion = 17.4.33213.308
MinimumVisualStudioVersion = 10.0.40219.1
Project("{778DAE3C-4631-46EA-AA77-85C1314464D9}") = "C1GridsDemo", "C1GridsDemo.vbproj", "{4AD1F528-D5DB-487C-832F-8E0AD656D594}"
EndProject
Project("{778DAE3C-4631-46EA-AA77-85C1314464D9}") = "C1FlexGridPrintable", "..\C1FlexGridPrintable\C1FlexGridPrintable.vbproj", "{898F91D2-1884-47F8-BD9C-ED33DD36792F}"
EndProject
Global
	GlobalSection(SolutionConfigurationPlatforms) = preSolution
		Debug|Any CPU = Debug|Any CPU
		Release|Any CPU = Release|Any CPU
	EndGlobalSection
	GlobalSection(ProjectConfigurationPlatforms) = postSolution
		{4AD1F528-D5DB-487C-832F-8E0AD656D594}.Debug|Any CPU.ActiveCfg = Debug|Any CPU
		{4AD1F528-D5DB-487C-832F-8E0AD656D594}.Debug|Any CPU.Build.0 = Debug|Any CPU
		{4AD1F528-D5DB-487C-832F-8E0AD656D594}.Release|Any CPU.ActiveCfg = Release|Any CPU
		{4AD1F528-D5DB-487C-832F-8E0AD656D594}.Release|Any CPU.Build.0 = Release|Any CPU
		{898F91D2-1884-47F8-BD9C-ED33DD36792F}.Debug|Any CPU.ActiveCfg = Debug|Any CPU
		{898F91D2-1884-47F8-BD9C-ED33DD36792F}.Debug|Any CPU.Build.0 = Debug|Any CPU
		{898F91D2-1884-47F8-BD9C-ED33DD36792F}.Release|Any CPU.ActiveCfg = Release|Any CPU
		{898F91D2-1884-47F8-BD9C-ED33DD36792F}.Release|Any CPU.Build.0 = Release|Any CPU
	EndGlobalSection
	GlobalSection(SolutionProperties) = preSolution
		HideSolutionNode = FALSE
	EndGlobalSection
	GlobalSection(ExtensibilityGlobals) = postSolution
		SolutionGuid = {C336329C-5E6D-4A5B-9F12-27B6FB5907E8}
	EndGlobalSection
EndGlobal
