
Microsoft Visual Studio Solution File, Format Version 12.00
# Visual Studio Version 17
VisualStudioVersion = 17.4.33213.308
MinimumVisualStudioVersion = 10.0.40219.1
Project("{778DAE3C-4631-46EA-AA77-85C1314464D9}") = "LinqOlap", "LinqOlap.vbproj", "{B231BE99-1A50-444F-8C1B-555831B506ED}"
EndProject
Global
	GlobalSection(SolutionConfigurationPlatforms) = preSolution
		Debug|Any CPU = Debug|Any CPU
		Release|Any CPU = Release|Any CPU
	EndGlobalSection
	GlobalSection(ProjectConfigurationPlatforms) = postSolution
		{B231BE99-1A50-444F-8C1B-555831B506ED}.Debug|Any CPU.ActiveCfg = Debug|Any CPU
		{B231BE99-1A50-444F-8C1B-555831B506ED}.Debug|Any CPU.Build.0 = Debug|Any CPU
		{B231BE99-1A50-444F-8C1B-555831B506ED}.Release|Any CPU.ActiveCfg = Release|Any CPU
		{B231BE99-1A50-444F-8C1B-555831B506ED}.Release|Any CPU.Build.0 = Release|Any CPU
	EndGlobalSection
	GlobalSection(SolutionProperties) = preSolution
		HideSolutionNode = FALSE
	EndGlobalSection
	GlobalSection(ExtensibilityGlobals) = postSolution
		SolutionGuid = {DAE7C6F8-2408-430A-9623-4350391E420E}
	EndGlobalSection
EndGlobal
