
Microsoft Visual Studio Solution File, Format Version 11.00
# Visual Studio 2010
Project("{FAE04EC0-301F-11D3-BF4B-00C04F79EFBC}") = "ColumnStyles_In_FlexGrid", "ColumnStyles_In_FlexGrid.csproj", "{674A0FC6-AA5E-4227-AC08-28611697A865}"
EndProject
Global
	GlobalSection(SolutionConfigurationPlatforms) = preSolution
		Debug|x86 = Debug|x86
		Release|x86 = Release|x86
	EndGlobalSection
	GlobalSection(ProjectConfigurationPlatforms) = postSolution
		{674A0FC6-AA5E-4227-AC08-28611697A865}.Debug|x86.ActiveCfg = Debug|x86
		{674A0FC6-AA5E-4227-AC08-28611697A865}.Debug|x86.Build.0 = Debug|x86
		{674A0FC6-AA5E-4227-AC08-28611697A865}.Release|x86.ActiveCfg = Release|x86
		{674A0FC6-AA5E-4227-AC08-28611697A865}.Release|x86.Build.0 = Release|x86
	EndGlobalSection
	GlobalSection(SolutionProperties) = preSolution
		HideSolutionNode = FALSE
	EndGlobalSection
EndGlobal
