
Microsoft Visual Studio Solution File, Format Version 12.00
# Visual Studio 2010
Project("{FAE04EC0-301F-11D3-BF4B-00C04F79EFBC}") = "ThemeManager", "ThemeManager.csproj", "{9E349522-4214-45AB-B57A-6384D05E4953}"
EndProject
Global
	GlobalSection(SolutionConfigurationPlatforms) = preSolution
		Debug|x86 = Debug|x86
		Release|x86 = Release|x86
	EndGlobalSection
	GlobalSection(ProjectConfigurationPlatforms) = postSolution
		{9E349522-4214-45AB-B57A-6384D05E4953}.Debug|x86.ActiveCfg = Debug|x86
		{9E349522-4214-45AB-B57A-6384D05E4953}.Debug|x86.Build.0 = Debug|x86
		{9E349522-4214-45AB-B57A-6384D05E4953}.Release|x86.ActiveCfg = Release|x86
		{9E349522-4214-45AB-B57A-6384D05E4953}.Release|x86.Build.0 = Release|x86
	EndGlobalSection
	GlobalSection(SolutionProperties) = preSolution
		HideSolutionNode = FALSE
	EndGlobalSection
EndGlobal
