
Microsoft Visual Studio Solution File, Format Version 12.00
# Visual Studio Version 17
VisualStudioVersion = 17.13.35931.197 d17.13
MinimumVisualStudioVersion = 10.0.40219.1
Project("{FAE04EC0-301F-11D3-BF4B-00C04F79EFBC}") = "FlexGridCheckboxSelection", "FlexGridCheckboxSelection.csproj", "{3B653FA4-A81F-418A-B7E9-D29C21F02ECF}"
EndProject
Global
	GlobalSection(SolutionConfigurationPlatforms) = preSolution
		Debug|Any CPU = Debug|Any CPU
		Release|Any CPU = Release|Any CPU
	EndGlobalSection
	GlobalSection(ProjectConfigurationPlatforms) = postSolution
		{3B653FA4-A81F-418A-B7E9-D29C21F02ECF}.Debug|Any CPU.ActiveCfg = Debug|Any CPU
		{3B653FA4-A81F-418A-B7E9-D29C21F02ECF}.Debug|Any CPU.Build.0 = Debug|Any CPU
		{3B653FA4-A81F-418A-B7E9-D29C21F02ECF}.Release|Any CPU.ActiveCfg = Release|Any CPU
		{3B653FA4-A81F-418A-B7E9-D29C21F02ECF}.Release|Any CPU.Build.0 = Release|Any CPU
	EndGlobalSection
	GlobalSection(SolutionProperties) = preSolution
		HideSolutionNode = FALSE
	EndGlobalSection
	GlobalSection(ExtensibilityGlobals) = postSolution
		SolutionGuid = {83131D09-FF76-4BD2-A378-CC88D40AEE45}
	EndGlobalSection
EndGlobal
