
Microsoft Visual Studio Solution File, Format Version 12.00
# Visual Studio 15
VisualStudioVersion = 15.0.27428.1
MinimumVisualStudioVersion = 10.0.40219.1
Project("{FAE04EC0-301F-11D3-BF4B-00C04F79EFBC}") = "TableViews", "TableViews.csproj", "{1307BF19-FBD9-486C-87F1-5A9599DE5BA8}"
EndProject
Global
	GlobalSection(SolutionConfigurationPlatforms) = preSolution
		Debug_GRAPECITY|Any CPU = Debug_GRAPECITY|Any CPU
		Debug_GRAPECITY|x86 = Debug_GRAPECITY|x86
		Debug|Any CPU = Debug|Any CPU
		Debug|x86 = Debug|x86
		Release_GRAPECITY|Any CPU = Release_GRAPECITY|Any CPU
		Release_GRAPECITY|x86 = Release_GRAPECITY|x86
		Release|Any CPU = Release|Any CPU
		Release|x86 = Release|x86
	EndGlobalSection
	GlobalSection(ProjectConfigurationPlatforms) = postSolution
		{1307BF19-FBD9-486C-87F1-5A9599DE5BA8}.Debug_GRAPECITY|Any CPU.ActiveCfg = Release|x86
		{1307BF19-FBD9-486C-87F1-5A9599DE5BA8}.Debug_GRAPECITY|Any CPU.Build.0 = Release|x86
		{1307BF19-FBD9-486C-87F1-5A9599DE5BA8}.Debug_GRAPECITY|x86.ActiveCfg = Debug|x86
		{1307BF19-FBD9-486C-87F1-5A9599DE5BA8}.Debug_GRAPECITY|x86.Build.0 = Debug|x86
		{1307BF19-FBD9-486C-87F1-5A9599DE5BA8}.Debug|Any CPU.ActiveCfg = Debug|x86
		{1307BF19-FBD9-486C-87F1-5A9599DE5BA8}.Debug|Any CPU.Build.0 = Debug|x86
		{1307BF19-FBD9-486C-87F1-5A9599DE5BA8}.Debug|x86.ActiveCfg = Debug|x86
		{1307BF19-FBD9-486C-87F1-5A9599DE5BA8}.Debug|x86.Build.0 = Debug|x86
		{1307BF19-FBD9-486C-87F1-5A9599DE5BA8}.Release_GRAPECITY|Any CPU.ActiveCfg = Release|x86
		{1307BF19-FBD9-486C-87F1-5A9599DE5BA8}.Release_GRAPECITY|Any CPU.Build.0 = Release|x86
		{1307BF19-FBD9-486C-87F1-5A9599DE5BA8}.Release_GRAPECITY|x86.ActiveCfg = Release|x86
		{1307BF19-FBD9-486C-87F1-5A9599DE5BA8}.Release_GRAPECITY|x86.Build.0 = Release|x86
		{1307BF19-FBD9-486C-87F1-5A9599DE5BA8}.Release|Any CPU.ActiveCfg = Release|x86
		{1307BF19-FBD9-486C-87F1-5A9599DE5BA8}.Release|Any CPU.Build.0 = Release|x86
		{1307BF19-FBD9-486C-87F1-5A9599DE5BA8}.Release|x86.ActiveCfg = Release|x86
		{1307BF19-FBD9-486C-87F1-5A9599DE5BA8}.Release|x86.Build.0 = Release|x86
	EndGlobalSection
	GlobalSection(SolutionProperties) = preSolution
		HideSolutionNode = FALSE
	EndGlobalSection
	GlobalSection(ExtensibilityGlobals) = postSolution
		SolutionGuid = {CAC77024-EFB8-42C5-BD4F-230955BB1265}
	EndGlobalSection
EndGlobal
