
Microsoft Visual Studio Solution File, Format Version 12.00
# Visual Studio Version 17
VisualStudioVersion = 17.4.33213.308
MinimumVisualStudioVersion = 10.0.40219.1
Project("{9A19103F-16F7-4668-BE54-9A1E7A4F7556}") = "OrdersEFWinForms", "OrdersEFWinForms.csproj", "{FB2DBD3E-CC7E-4A2B-A7D3-8BCD5522C76A}"
EndProject
Global
	GlobalSection(SolutionConfigurationPlatforms) = preSolution
		Debug|Any CPU = Debug|Any CPU
		Release|Any CPU = Release|Any CPU
	EndGlobalSection
	GlobalSection(ProjectConfigurationPlatforms) = postSolution
		{FB2DBD3E-CC7E-4A2B-A7D3-8BCD5522C76A}.Debug|Any CPU.ActiveCfg = Debug|Any CPU
		{FB2DBD3E-CC7E-4A2B-A7D3-8BCD5522C76A}.Debug|Any CPU.Build.0 = Debug|Any CPU
		{FB2DBD3E-CC7E-4A2B-A7D3-8BCD5522C76A}.Release|Any CPU.ActiveCfg = Release|Any CPU
		{FB2DBD3E-CC7E-4A2B-A7D3-8BCD5522C76A}.Release|Any CPU.Build.0 = Release|Any CPU
	EndGlobalSection
	GlobalSection(SolutionProperties) = preSolution
		HideSolutionNode = FALSE
	EndGlobalSection
	GlobalSection(ExtensibilityGlobals) = postSolution
		SolutionGuid = {3C8D3309-45DF-4F76-87C6-42E15E823369}
	EndGlobalSection
EndGlobal
