
Microsoft Visual Studio Solution File, Format Version 11.00
# Visual Studio 2010
Project("{FAE04EC0-301F-11D3-BF4B-00C04F79EFBC}") = "FileExplorer", "FileExplorer.csproj", "{12860368-9AE1-42BD-BFCF-A5F67D302E67}"
EndProject
Global
	GlobalSection(SolutionConfigurationPlatforms) = preSolution
		Debug|Any CPU = Debug|Any CPU
		Release|Any CPU = Release|Any CPU
	EndGlobalSection
	GlobalSection(ProjectConfigurationPlatforms) = postSolution
		{12860368-9AE1-42BD-BFCF-A5F67D302E67}.Debug|Any CPU.ActiveCfg = Debug|Any CPU
		{12860368-9AE1-42BD-BFCF-A5F67D302E67}.Debug|Any CPU.Build.0 = Debug|Any CPU
		{12860368-9AE1-42BD-BFCF-A5F67D302E67}.Release|Any CPU.ActiveCfg = Release|Any CPU
		{12860368-9AE1-42BD-BFCF-A5F67D302E67}.Release|Any CPU.Build.0 = Release|Any CPU
	EndGlobalSection
	GlobalSection(SolutionProperties) = preSolution
		HideSolutionNode = FALSE
	EndGlobalSection
EndGlobal
