
Microsoft Visual Studio Solution File, Format Version 12.00
# Visual Studio 14
VisualStudioVersion = 14.0.25420.1
MinimumVisualStudioVersion = 10.0.40219.1
Project("{B98F3330-7FA7-49D2-90A6-2944BBF14242}") = "Tutorial21.vbproj", "Tutorial21.vbproj", "{27266717-5A0E-4F01-99BD-B050B2CED895}"
EndProject
Global
	GlobalSection(SolutionConfigurationPlatforms) = preSolution
		Debug|Any CPU = Debug|Any CPU
		Release|Any CPU = Release|Any CPU
	EndGlobalSection
	GlobalSection(ProjectConfigurationPlatforms) = postSolution
		{27266717-5A0E-4F01-99BD-B050B2CED895}.Debug|Any CPU.ActiveCfg = Debug|Any CPU
		{27266717-5A0E-4F01-99BD-B050B2CED895}.Debug|Any CPU.Build.0 = Debug|Any CPU
		{27266717-5A0E-4F01-99BD-B050B2CED895}.Release|Any CPU.ActiveCfg = Release|Any CPU
		{27266717-5A0E-4F01-99BD-B050B2CED895}.Release|Any CPU.Build.0 = Release|Any CPU
	EndGlobalSection
	GlobalSection(SolutionProperties) = preSolution
		HideSolutionNode = FALSE
	EndGlobalSection
EndGlobal
