
Microsoft Visual Studio Solution File, Format Version 12.00
# Visual Studio 15
VisualStudioVersion = 15.0.28307.168
MinimumVisualStudioVersion = 10.0.40219.1
Project("{FAE04EC0-301F-11D3-BF4B-00C04F79EFBC}") = "FlexChartCustomization", "FlexChartCustomization.csproj", "{AB6D6502-201B-4390-BB53-926BB7B8062D}"
EndProject

Global
	GlobalSection(SolutionConfigurationPlatforms) = preSolution
		Debug|Any CPU = Debug|Any CPU
		Release|Any CPU = Release|Any CPU
	EndGlobalSection
	GlobalSection(ProjectConfigurationPlatforms) = postSolution
		{AB6D6502-201B-4390-BB53-926BB7B8062D}.Debug|Any CPU.ActiveCfg = Debug|Any CPU
		{AB6D6502-201B-4390-BB53-926BB7B8062D}.Debug|Any CPU.Build.0 = Debug|Any CPU
		{AB6D6502-201B-4390-BB53-926BB7B8062D}.Release|Any CPU.ActiveCfg = Release|Any CPU
		{AB6D6502-201B-4390-BB53-926BB7B8062D}.Release|Any CPU.Build.0 = Release|Any CPU
	EndGlobalSection
	GlobalSection(SolutionProperties) = preSolution
		HideSolutionNode = FALSE
	EndGlobalSection
	GlobalSection(ExtensibilityGlobals) = postSolution
		SolutionGuid = {D85F849E-78CA-49BD-A40C-C79F5EC48E1E}
	EndGlobalSection
EndGlobal

