Microsoft Visual Studio Solution File, Format Version 12.00
# Visual Studio Version 16
VisualStudioVersion = 16.0.30516.212
MinimumVisualStudioVersion = 10.0.40219.1
Project("{FAE04EC0-301F-11D3-BF4B-00C04F79EFBC}") = "C1.Win.4.5.2", "..\..\..\..\..\Controls\C1.Win\C1.Win.4.5.2.csproj", "{64787859-8B51-47CA-A60F-8C814BEB497C}"
EndProject
Project("{FAE04EC0-301F-11D3-BF4B-00C04F79EFBC}") = "C1.Win.BarCode.4.5.2", "..\..\..\..\..\Controls\C1.Win.Barcode\C1.Win.BarCode.4.5.2.csproj", "{53A71755-E2A6-423D-BB23-60A5E2DC6C87}"
EndProject
Project("{FAE04EC0-301F-11D3-BF4B-00C04F79EFBC}") = "C1.Win.C1Document.4.5.2", "..\..\..\..\..\Controls\Document\C1.Win.C1Document.4.5.2.csproj", "{56D294EE-55B3-4E3F-8FEC-740516C31C05}"
EndProject
Project("{FAE04EC0-301F-11D3-BF4B-00C04F79EFBC}") = "C1.Win.FlexChart.4.5.2", "..\..\..\..\..\Controls\FlexChart\C1.Win.Chart\C1.Win.FlexChart.4.5.2.csproj", "{B650728E-E5F2-42A2-96A3-1F16418D7BEE}"
EndProject
Project("{FAE04EC0-301F-11D3-BF4B-00C04F79EFBC}") = "C1.Win.C1DX.4.5.2", "..\..\..\..\..\Controls\DX\C1.Win.C1DX.4.5.2.csproj", "{691A4DA9-D924-4366-A02F-5EE1A5E8E2C8}"
EndProject
Project("{FAE04EC0-301F-11D3-BF4B-00C04F79EFBC}") = "C1.Win.Bitmap.4.5.2", "..\..\..\..\..\Controls\Bitmap\C1.Win.Bitmap.4.5.2.csproj", "{23E28F36-77D9-452C-AF91-0CBE1DE27CBD}"
EndProject
Project("{FAE04EC0-301F-11D3-BF4B-00C04F79EFBC}") = "C1.Win.ImportServices.4.5.2", "..\..\..\..\..\Controls\Ssrs\C1.Win.ImportServices.4.5.2.csproj", "{1B8CDC22-0FD6-41ED-809E-A0BC0125649D}"
EndProject
Project("{FAE04EC0-301F-11D3-BF4B-00C04F79EFBC}") = "C1.C1Excel.4.5.2", "..\..\..\..\..\Controls\Excel\C1.C1Excel.4.5.2.csproj", "{ED39FC97-68EB-4C7A-822C-FA2C30BAD7C1}"
EndProject
Project("{FAE04EC0-301F-11D3-BF4B-00C04F79EFBC}") = "C1.C1Pdf.4.5.2", "..\..\..\..\..\Controls\Pdf\C1.C1Pdf.4.5.2.csproj", "{ED2B58B5-6839-407D-8FD5-42FAE331377B}"
EndProject
Project("{FAE04EC0-301F-11D3-BF4B-00C04F79EFBC}") = "C1.C1Zip.4.5.2", "..\..\..\..\..\Controls\Zip\C1.C1Zip.4.5.2.csproj", "{32AD5D06-1192-4E97-BA41-706FD84BE53C}"
EndProject
Project("{FAE04EC0-301F-11D3-BF4B-00C04F79EFBC}") = "C1.C1Word.4.5.2", "..\..\..\..\..\Controls\Word\C1.C1Word.4.5.2.csproj", "{5722A9D7-88DB-4689-8F92-A53AE3A45061}"
EndProject
Project("{D954291E-2A0B-460D-934E-DC6B0785DB48}") = "Pdf.Net", "..\..\..\..\..\Shared\Pdf.Net\Pdf.Net.shproj", "{79E5087A-ED05-482C-A8AD-B3906674DAA6}"
EndProject
Project("{FAE04EC0-301F-11D3-BF4B-00C04F79EFBC}") = "SearchTextDebug", "SearchTextDebug.csproj", "{B9E63897-3B3C-4831-9060-03E3C85257B0}"
EndProject
Global
	GlobalSection(SharedMSBuildProjectFiles) = preSolution
		..\..\..\..\..\Shared\XBarcode\XBarcode.projitems*{53a71755-e2a6-423d-bb23-60a5e2dc6c87}*SharedItemsImports = 4
		..\..\..\..\..\Shared\DocSol\GcPdf.projitems*{56d294ee-55b3-4e3f-8fec-740516c31c05}*SharedItemsImports = 4
		..\..\..\..\..\Shared\Pdf.Net\Pdf.Net.projitems*{79e5087a-ed05-482c-a8ad-b3906674daa6}*SharedItemsImports = 13
		..\..\..\..\..\Shared\Pdf.Net\Pdf.Net.projitems*{ed2b58b5-6839-407d-8fd5-42fae331377b}*SharedItemsImports = 4
	EndGlobalSection
	GlobalSection(SolutionConfigurationPlatforms) = preSolution
		Debug_GRAPECITY|Any CPU = Debug_GRAPECITY|Any CPU
		Debug|Any CPU = Debug|Any CPU
		Release_GRAPECITY|Any CPU = Release_GRAPECITY|Any CPU
		Release|Any CPU = Release|Any CPU
	EndGlobalSection
	GlobalSection(ProjectConfigurationPlatforms) = postSolution
		{64787859-8B51-47CA-A60F-8C814BEB497C}.Debug_GRAPECITY|Any CPU.ActiveCfg = Debug_GRAPECITY|Any CPU
		{64787859-8B51-47CA-A60F-8C814BEB497C}.Debug_GRAPECITY|Any CPU.Build.0 = Debug_GRAPECITY|Any CPU
		{64787859-8B51-47CA-A60F-8C814BEB497C}.Debug|Any CPU.ActiveCfg = Debug|Any CPU
		{64787859-8B51-47CA-A60F-8C814BEB497C}.Debug|Any CPU.Build.0 = Debug|Any CPU
		{64787859-8B51-47CA-A60F-8C814BEB497C}.Release_GRAPECITY|Any CPU.ActiveCfg = Release_GRAPECITY|Any CPU
		{64787859-8B51-47CA-A60F-8C814BEB497C}.Release_GRAPECITY|Any CPU.Build.0 = Release_GRAPECITY|Any CPU
		{64787859-8B51-47CA-A60F-8C814BEB497C}.Release|Any CPU.ActiveCfg = Release|Any CPU
		{64787859-8B51-47CA-A60F-8C814BEB497C}.Release|Any CPU.Build.0 = Release|Any CPU
		{53A71755-E2A6-423D-BB23-60A5E2DC6C87}.Debug_GRAPECITY|Any CPU.ActiveCfg = Debug_GRAPECITY|Any CPU
		{53A71755-E2A6-423D-BB23-60A5E2DC6C87}.Debug_GRAPECITY|Any CPU.Build.0 = Debug_GRAPECITY|Any CPU
		{53A71755-E2A6-423D-BB23-60A5E2DC6C87}.Debug|Any CPU.ActiveCfg = Debug|Any CPU
		{53A71755-E2A6-423D-BB23-60A5E2DC6C87}.Debug|Any CPU.Build.0 = Debug|Any CPU
		{53A71755-E2A6-423D-BB23-60A5E2DC6C87}.Release_GRAPECITY|Any CPU.ActiveCfg = Release_GRAPECITY|Any CPU
		{53A71755-E2A6-423D-BB23-60A5E2DC6C87}.Release_GRAPECITY|Any CPU.Build.0 = Release_GRAPECITY|Any CPU
		{53A71755-E2A6-423D-BB23-60A5E2DC6C87}.Release|Any CPU.ActiveCfg = Release|Any CPU
		{53A71755-E2A6-423D-BB23-60A5E2DC6C87}.Release|Any CPU.Build.0 = Release|Any CPU
		{56D294EE-55B3-4E3F-8FEC-740516C31C05}.Debug_GRAPECITY|Any CPU.ActiveCfg = Debug_GRAPECITY|Any CPU
		{56D294EE-55B3-4E3F-8FEC-740516C31C05}.Debug_GRAPECITY|Any CPU.Build.0 = Debug_GRAPECITY|Any CPU
		{56D294EE-55B3-4E3F-8FEC-740516C31C05}.Debug|Any CPU.ActiveCfg = Debug|Any CPU
		{56D294EE-55B3-4E3F-8FEC-740516C31C05}.Debug|Any CPU.Build.0 = Debug|Any CPU
		{56D294EE-55B3-4E3F-8FEC-740516C31C05}.Release_GRAPECITY|Any CPU.ActiveCfg = Release_GRAPECITY|Any CPU
		{56D294EE-55B3-4E3F-8FEC-740516C31C05}.Release_GRAPECITY|Any CPU.Build.0 = Release_GRAPECITY|Any CPU
		{56D294EE-55B3-4E3F-8FEC-740516C31C05}.Release|Any CPU.ActiveCfg = Release|Any CPU
		{56D294EE-55B3-4E3F-8FEC-740516C31C05}.Release|Any CPU.Build.0 = Release|Any CPU
		{B650728E-E5F2-42A2-96A3-1F16418D7BEE}.Debug_GRAPECITY|Any CPU.ActiveCfg = Debug|Any CPU
		{B650728E-E5F2-42A2-96A3-1F16418D7BEE}.Debug_GRAPECITY|Any CPU.Build.0 = Debug|Any CPU
		{B650728E-E5F2-42A2-96A3-1F16418D7BEE}.Debug|Any CPU.ActiveCfg = Debug|Any CPU
		{B650728E-E5F2-42A2-96A3-1F16418D7BEE}.Debug|Any CPU.Build.0 = Debug|Any CPU
		{B650728E-E5F2-42A2-96A3-1F16418D7BEE}.Release_GRAPECITY|Any CPU.ActiveCfg = Release|Any CPU
		{B650728E-E5F2-42A2-96A3-1F16418D7BEE}.Release_GRAPECITY|Any CPU.Build.0 = Release|Any CPU
		{B650728E-E5F2-42A2-96A3-1F16418D7BEE}.Release|Any CPU.ActiveCfg = Release|Any CPU
		{B650728E-E5F2-42A2-96A3-1F16418D7BEE}.Release|Any CPU.Build.0 = Release|Any CPU
		{691A4DA9-D924-4366-A02F-5EE1A5E8E2C8}.Debug_GRAPECITY|Any CPU.ActiveCfg = Debug_GRAPECITY|Any CPU
		{691A4DA9-D924-4366-A02F-5EE1A5E8E2C8}.Debug_GRAPECITY|Any CPU.Build.0 = Debug_GRAPECITY|Any CPU
		{691A4DA9-D924-4366-A02F-5EE1A5E8E2C8}.Debug|Any CPU.ActiveCfg = Debug|Any CPU
		{691A4DA9-D924-4366-A02F-5EE1A5E8E2C8}.Debug|Any CPU.Build.0 = Debug|Any CPU
		{691A4DA9-D924-4366-A02F-5EE1A5E8E2C8}.Release_GRAPECITY|Any CPU.ActiveCfg = Release_GRAPECITY|Any CPU
		{691A4DA9-D924-4366-A02F-5EE1A5E8E2C8}.Release_GRAPECITY|Any CPU.Build.0 = Release_GRAPECITY|Any CPU
		{691A4DA9-D924-4366-A02F-5EE1A5E8E2C8}.Release|Any CPU.ActiveCfg = Release|Any CPU
		{691A4DA9-D924-4366-A02F-5EE1A5E8E2C8}.Release|Any CPU.Build.0 = Release|Any CPU
		{23E28F36-77D9-452C-AF91-0CBE1DE27CBD}.Debug_GRAPECITY|Any CPU.ActiveCfg = Debug_GRAPECITY|Any CPU
		{23E28F36-77D9-452C-AF91-0CBE1DE27CBD}.Debug_GRAPECITY|Any CPU.Build.0 = Debug_GRAPECITY|Any CPU
		{23E28F36-77D9-452C-AF91-0CBE1DE27CBD}.Debug|Any CPU.ActiveCfg = Debug|Any CPU
		{23E28F36-77D9-452C-AF91-0CBE1DE27CBD}.Debug|Any CPU.Build.0 = Debug|Any CPU
		{23E28F36-77D9-452C-AF91-0CBE1DE27CBD}.Release_GRAPECITY|Any CPU.ActiveCfg = Release_GRAPECITY|Any CPU
		{23E28F36-77D9-452C-AF91-0CBE1DE27CBD}.Release_GRAPECITY|Any CPU.Build.0 = Release_GRAPECITY|Any CPU
		{23E28F36-77D9-452C-AF91-0CBE1DE27CBD}.Release|Any CPU.ActiveCfg = Release|Any CPU
		{23E28F36-77D9-452C-AF91-0CBE1DE27CBD}.Release|Any CPU.Build.0 = Release|Any CPU
		{1B8CDC22-0FD6-41ED-809E-A0BC0125649D}.Debug_GRAPECITY|Any CPU.ActiveCfg = Debug_GRAPECITY|Any CPU
		{1B8CDC22-0FD6-41ED-809E-A0BC0125649D}.Debug_GRAPECITY|Any CPU.Build.0 = Debug_GRAPECITY|Any CPU
		{1B8CDC22-0FD6-41ED-809E-A0BC0125649D}.Debug|Any CPU.ActiveCfg = Debug|Any CPU
		{1B8CDC22-0FD6-41ED-809E-A0BC0125649D}.Debug|Any CPU.Build.0 = Debug|Any CPU
		{1B8CDC22-0FD6-41ED-809E-A0BC0125649D}.Release_GRAPECITY|Any CPU.ActiveCfg = Release_GRAPECITY|Any CPU
		{1B8CDC22-0FD6-41ED-809E-A0BC0125649D}.Release_GRAPECITY|Any CPU.Build.0 = Release_GRAPECITY|Any CPU
		{1B8CDC22-0FD6-41ED-809E-A0BC0125649D}.Release|Any CPU.ActiveCfg = Release|Any CPU
		{1B8CDC22-0FD6-41ED-809E-A0BC0125649D}.Release|Any CPU.Build.0 = Release|Any CPU
		{ED39FC97-68EB-4C7A-822C-FA2C30BAD7C1}.Debug_GRAPECITY|Any CPU.ActiveCfg = Debug|Any CPU
		{ED39FC97-68EB-4C7A-822C-FA2C30BAD7C1}.Debug_GRAPECITY|Any CPU.Build.0 = Debug|Any CPU
		{ED39FC97-68EB-4C7A-822C-FA2C30BAD7C1}.Debug|Any CPU.ActiveCfg = Debug|Any CPU
		{ED39FC97-68EB-4C7A-822C-FA2C30BAD7C1}.Debug|Any CPU.Build.0 = Debug|Any CPU
		{ED39FC97-68EB-4C7A-822C-FA2C30BAD7C1}.Release_GRAPECITY|Any CPU.ActiveCfg = Release_GRAPECITY|Any CPU
		{ED39FC97-68EB-4C7A-822C-FA2C30BAD7C1}.Release_GRAPECITY|Any CPU.Build.0 = Release_GRAPECITY|Any CPU
		{ED39FC97-68EB-4C7A-822C-FA2C30BAD7C1}.Release|Any CPU.ActiveCfg = Release|Any CPU
		{ED39FC97-68EB-4C7A-822C-FA2C30BAD7C1}.Release|Any CPU.Build.0 = Release|Any CPU
		{ED2B58B5-6839-407D-8FD5-42FAE331377B}.Debug_GRAPECITY|Any CPU.ActiveCfg = Debug|Any CPU
		{ED2B58B5-6839-407D-8FD5-42FAE331377B}.Debug_GRAPECITY|Any CPU.Build.0 = Debug|Any CPU
		{ED2B58B5-6839-407D-8FD5-42FAE331377B}.Debug|Any CPU.ActiveCfg = Debug|Any CPU
		{ED2B58B5-6839-407D-8FD5-42FAE331377B}.Debug|Any CPU.Build.0 = Debug|Any CPU
		{ED2B58B5-6839-407D-8FD5-42FAE331377B}.Release_GRAPECITY|Any CPU.ActiveCfg = Release_GRAPECITY|Any CPU
		{ED2B58B5-6839-407D-8FD5-42FAE331377B}.Release_GRAPECITY|Any CPU.Build.0 = Release_GRAPECITY|Any CPU
		{ED2B58B5-6839-407D-8FD5-42FAE331377B}.Release|Any CPU.ActiveCfg = Release|Any CPU
		{ED2B58B5-6839-407D-8FD5-42FAE331377B}.Release|Any CPU.Build.0 = Release|Any CPU
		{32AD5D06-1192-4E97-BA41-706FD84BE53C}.Debug_GRAPECITY|Any CPU.ActiveCfg = Debug_GRAPECITY|Any CPU
		{32AD5D06-1192-4E97-BA41-706FD84BE53C}.Debug_GRAPECITY|Any CPU.Build.0 = Debug_GRAPECITY|Any CPU
		{32AD5D06-1192-4E97-BA41-706FD84BE53C}.Debug|Any CPU.ActiveCfg = Debug|Any CPU
		{32AD5D06-1192-4E97-BA41-706FD84BE53C}.Debug|Any CPU.Build.0 = Debug|Any CPU
		{32AD5D06-1192-4E97-BA41-706FD84BE53C}.Release_GRAPECITY|Any CPU.ActiveCfg = Release_GRAPECITY|Any CPU
		{32AD5D06-1192-4E97-BA41-706FD84BE53C}.Release_GRAPECITY|Any CPU.Build.0 = Release_GRAPECITY|Any CPU
		{32AD5D06-1192-4E97-BA41-706FD84BE53C}.Release|Any CPU.ActiveCfg = Release|Any CPU
		{32AD5D06-1192-4E97-BA41-706FD84BE53C}.Release|Any CPU.Build.0 = Release|Any CPU
		{5722A9D7-88DB-4689-8F92-A53AE3A45061}.Debug_GRAPECITY|Any CPU.ActiveCfg = Debug|Any CPU
		{5722A9D7-88DB-4689-8F92-A53AE3A45061}.Debug_GRAPECITY|Any CPU.Build.0 = Debug|Any CPU
		{5722A9D7-88DB-4689-8F92-A53AE3A45061}.Debug|Any CPU.ActiveCfg = Debug|Any CPU
		{5722A9D7-88DB-4689-8F92-A53AE3A45061}.Debug|Any CPU.Build.0 = Debug|Any CPU
		{5722A9D7-88DB-4689-8F92-A53AE3A45061}.Release_GRAPECITY|Any CPU.ActiveCfg = Release_GRAPECITY|Any CPU
		{5722A9D7-88DB-4689-8F92-A53AE3A45061}.Release_GRAPECITY|Any CPU.Build.0 = Release_GRAPECITY|Any CPU
		{5722A9D7-88DB-4689-8F92-A53AE3A45061}.Release|Any CPU.ActiveCfg = Release|Any CPU
		{5722A9D7-88DB-4689-8F92-A53AE3A45061}.Release|Any CPU.Build.0 = Release|Any CPU
		{B9E63897-3B3C-4831-9060-03E3C85257B0}.Debug_GRAPECITY|Any CPU.ActiveCfg = Debug|Any CPU
		{B9E63897-3B3C-4831-9060-03E3C85257B0}.Debug_GRAPECITY|Any CPU.Build.0 = Debug|Any CPU
		{B9E63897-3B3C-4831-9060-03E3C85257B0}.Debug|Any CPU.ActiveCfg = Debug|Any CPU
		{B9E63897-3B3C-4831-9060-03E3C85257B0}.Debug|Any CPU.Build.0 = Debug|Any CPU
		{B9E63897-3B3C-4831-9060-03E3C85257B0}.Release_GRAPECITY|Any CPU.ActiveCfg = Release|Any CPU
		{B9E63897-3B3C-4831-9060-03E3C85257B0}.Release_GRAPECITY|Any CPU.Build.0 = Release|Any CPU
		{B9E63897-3B3C-4831-9060-03E3C85257B0}.Release|Any CPU.ActiveCfg = Release|Any CPU
		{B9E63897-3B3C-4831-9060-03E3C85257B0}.Release|Any CPU.Build.0 = Release|Any CPU
	EndGlobalSection
	GlobalSection(SolutionProperties) = preSolution
		HideSolutionNode = FALSE
	EndGlobalSection
	GlobalSection(ExtensibilityGlobals) = postSolution
		SolutionGuid = {0803D7A0-578A-4639-B3DC-0CAE8AB304BD}
	EndGlobalSection
	GlobalSection(TeamFoundationVersionControl) = preSolution
		SccNumberOfProjects = 17
		SccEnterpriseProvider = {4CA58AB2-18FA-4F8D-95D4-32DDF27D184C}
		SccTeamFoundationServer = https://tfsdevel.componentone.com:8090/tfs/defaultcollection
		SccLocalPath0 = .
		SccProjectUniqueName1 = SearchTextDebug.csproj
		SccLocalPath1 = .
		SccProjectUniqueName2 = ..\\..\\..\\..\\..\\Controls\\C1.Win\\C1.Win.4.5.2.csproj
		SccProjectName2 = ../../../../../Controls/C1.Win
		SccLocalPath2 = ..\\..\\..\\..\\..\\Controls\\C1.Win
		SccProjectUniqueName3 = ..\\..\\..\\..\\..\\Controls\\C1.Win.Barcode\\C1.Win.BarCode.4.5.2.csproj
		SccProjectName3 = ../../../../../Controls/C1.Win.Barcode
		SccLocalPath3 = ..\\..\\..\\..\\..\\Controls\\C1.Win.Barcode
		SccProjectUniqueName4 = ..\\..\\..\\..\\..\\Controls\\Document\\C1.Win.C1Document.4.5.2.csproj
		SccProjectName4 = ../../../../../Controls/Document
		SccLocalPath4 = ..\\..\\..\\..\\..\\Controls\\Document
		SccProjectUniqueName5 = ..\\..\\..\\..\\..\\Controls\\FlexChart\\C1.Win.Chart\\C1.Win.FlexChart.4.5.2.csproj
		SccProjectName5 = ../../../../../Controls/FlexChart/C1.Win.Chart
		SccLocalPath5 = ..\\..\\..\\..\\..\\Controls\\FlexChart\\C1.Win.Chart
		SccProjectUniqueName6 = ..\\..\\..\\..\\..\\Controls\\DX\\C1.Win.C1DX.4.5.2.csproj
		SccProjectName6 = ../../../../../Controls/DX
		SccLocalPath6 = ..\\..\\..\\..\\..\\Controls\\DX
		SccProjectUniqueName7 = ..\\..\\..\\..\\..\\Controls\\Bitmap\\C1.Win.Bitmap.4.5.2.csproj
		SccProjectName7 = ../../../../../Controls/Bitmap
		SccLocalPath7 = ..\\..\\..\\..\\..\\Controls\\Bitmap
		SccProjectUniqueName8 = ..\\..\\..\\..\\..\\Controls\\Ssrs\\C1.Win.ImportServices.4.5.2.csproj
		SccProjectName8 = ../../../../../Controls/Ssrs
		SccLocalPath8 = ..\\..\\..\\..\\..\\Controls\\Ssrs
		SccProjectUniqueName9 = ..\\..\\..\\..\\..\\Controls\\Excel\\C1.C1Excel.4.5.2.csproj
		SccProjectName9 = ../../../../../Controls/Excel
		SccLocalPath9 = ..\\..\\..\\..\\..\\Controls\\Excel
		SccProjectUniqueName10 = ..\\..\\..\\..\\..\\Controls\\Pdf\\C1.C1Pdf.4.5.2.csproj
		SccProjectName10 = ../../../../../Controls/Pdf
		SccLocalPath10 = ..\\..\\..\\..\\..\\Controls\\Pdf
		SccProjectUniqueName11 = ..\\..\\..\\..\\..\\Controls\\Zip\\C1.C1Zip.4.5.2.csproj
		SccProjectName11 = ../../../../../Controls/Zip
		SccLocalPath11 = ..\\..\\..\\..\\..\\Controls\\Zip
		SccProjectUniqueName12 = ..\\..\\..\\..\\..\\Controls\\Word\\C1.C1Word.4.5.2.csproj
		SccProjectName12 = ../../../../../Controls/Word
		SccLocalPath12 = ..\\..\\..\\..\\..\\Controls\\Word
		SccProjectUniqueName13 = ..\\..\\..\\..\\..\\Shared\\Pdf.Net\\Pdf.Net.shproj
		SccProjectName13 = ../../../../../Shared/Pdf.Net
		SccLocalPath13 = ..\\..\\..\\..\\..\\Shared\\Pdf.Net
		SccProjectUniqueName14 = ..\\..\\..\\..\\..\\Shared\\Pdf.Net\\Pdf.Net.projitems
		SccProjectTopLevelParentUniqueName14 = ..\\..\\..\\..\\..\\Shared\\Pdf.Net\\Pdf.Net.shproj
		SccProjectName14 = ../../../../../Shared/Pdf.Net
		SccLocalPath14 = ..\\..\\..\\..\\..\\Shared\\Pdf.Net
		SccProjectUniqueName15 = ..\\..\\..\\..\\..\\Shared\\XBarcode\\XBarcode.projitems
		SccProjectName15 = ../../../../../Shared/XBarcode
		SccLocalPath15 = ..\\..\\..\\..\\..\\Shared\\XBarcode
		SccProjectUniqueName16 = ..\\..\\..\\..\\..\\Shared\\DocSol\\GcPdf.projitems
		SccProjectName16 = ../../../../../Shared/DocSol
		SccLocalPath16 = ..\\..\\..\\..\\..\\Shared\\DocSol
	EndGlobalSection
EndGlobal
