
Microsoft Visual Studio Solution File, Format Version 12.00
# Visual Studio 14
VisualStudioVersion = 14.0.25420.1
MinimumVisualStudioVersion = 10.0.40219.1
Project("{8C8382A5-AEFC-4616-8365-BE510F3D1749}") = "Sorting.csproj", "Sorting.csproj", "{BF97A1DD-E4B1-4F27-87F5-855799E8D79B}"
EndProject
Global
	GlobalSection(SolutionConfigurationPlatforms) = preSolution
		Debug|Any CPU = Debug|Any CPU
		Release|Any CPU = Release|Any CPU
	EndGlobalSection
	GlobalSection(ProjectConfigurationPlatforms) = postSolution
		{BF97A1DD-E4B1-4F27-87F5-855799E8D79B}.Debug|Any CPU.ActiveCfg = Debug|Any CPU
		{BF97A1DD-E4B1-4F27-87F5-855799E8D79B}.Debug|Any CPU.Build.0 = Debug|Any CPU
		{BF97A1DD-E4B1-4F27-87F5-855799E8D79B}.Release|Any CPU.ActiveCfg = Release|Any CPU
		{BF97A1DD-E4B1-4F27-87F5-855799E8D79B}.Release|Any CPU.Build.0 = Release|Any CPU
	EndGlobalSection
	GlobalSection(SolutionProperties) = preSolution
		HideSolutionNode = FALSE
	EndGlobalSection
EndGlobal
