
Microsoft Visual Studio Solution File, Format Version 12.00
# Visual Studio 15
VisualStudioVersion = 15.0.27703.2000
MinimumVisualStudioVersion = 10.0.40219.1
Project("{FAE04EC0-301F-11D3-BF4B-00C04F79EFBC}") = "MaterialDesign", "MaterialDesign\MaterialDesign.csproj", "{7E90A18C-D58A-4EF6-9C11-C1CA1AF574AE}"
EndProject
Global
	GlobalSection(SolutionConfigurationPlatforms) = preSolution
		Debug|Any CPU = Debug|Any CPU
		Debug|x86 = Debug|x86
		Release|Any CPU = Release|Any CPU
		Release|x86 = Release|x86
	EndGlobalSection
	GlobalSection(ProjectConfigurationPlatforms) = postSolution
		{7E90A18C-D58A-4EF6-9C11-C1CA1AF574AE}.Debug|Any CPU.ActiveCfg = Debug|Any CPU
		{7E90A18C-D58A-4EF6-9C11-C1CA1AF574AE}.Debug|Any CPU.Build.0 = Debug|Any CPU
		{7E90A18C-D58A-4EF6-9C11-C1CA1AF574AE}.Debug|x86.ActiveCfg = Debug|x86
		{7E90A18C-D58A-4EF6-9C11-C1CA1AF574AE}.Debug|x86.Build.0 = Debug|x86
		{7E90A18C-D58A-4EF6-9C11-C1CA1AF574AE}.Release|Any CPU.ActiveCfg = Release|Any CPU
		{7E90A18C-D58A-4EF6-9C11-C1CA1AF574AE}.Release|Any CPU.Build.0 = Release|Any CPU
		{7E90A18C-D58A-4EF6-9C11-C1CA1AF574AE}.Release|x86.ActiveCfg = Release|x86
		{7E90A18C-D58A-4EF6-9C11-C1CA1AF574AE}.Release|x86.Build.0 = Release|x86
	EndGlobalSection
	GlobalSection(SolutionProperties) = preSolution
		HideSolutionNode = FALSE
	EndGlobalSection
	GlobalSection(ExtensibilityGlobals) = postSolution
		SolutionGuid = {6E141EA3-2E16-4142-B31A-946EE01D1215}
	EndGlobalSection
	GlobalSection(TeamFoundationVersionControl) = preSolution
		SccNumberOfProjects = 2
		SccEnterpriseProvider = {4CA58AB2-18FA-4F8D-95D4-32DDF27D184C}
		SccTeamFoundationServer = https://tfsdevel.componentone.com:8090/tfs/defaultcollection
		SccLocalPath0 = .
		SccProjectUniqueName1 = MaterialDesign\\MaterialDesign.csproj
		SccProjectName1 = MaterialDesign
		SccLocalPath1 = MaterialDesign
	EndGlobalSection
EndGlobal
