
Microsoft Visual Studio Solution File, Format Version 11.00
# Visual Studio 2010
Project("{FAE04EC0-301F-11D3-BF4B-00C04F79EFBC}") = "FilterDefinitionTdbg", "FilterDefinitionTdbg.csproj", "{FAE9E8F8-5494-494E-983E-BAA517478303}"
EndProject
Global
	GlobalSection(SolutionConfigurationPlatforms) = preSolution
		Debug - GrapeCity|Any CPU = Debug - GrapeCity|Any CPU
		Debug - GrapeCity|Mixed Platforms = Debug - GrapeCity|Mixed Platforms
		Debug - GrapeCity|x86 = Debug - GrapeCity|x86
		Debug - XML|Any CPU = Debug - XML|Any CPU
		Debug - XML|Mixed Platforms = Debug - XML|Mixed Platforms
		Debug - XML|x86 = Debug - XML|x86
		Debug|Any CPU = Debug|Any CPU
		Debug|Mixed Platforms = Debug|Mixed Platforms
		Debug|x86 = Debug|x86
		GrapeCity|Any CPU = GrapeCity|Any CPU
		GrapeCity|Mixed Platforms = GrapeCity|Mixed Platforms
		GrapeCity|x86 = GrapeCity|x86
		Release|Any CPU = Release|Any CPU
		Release|Mixed Platforms = Release|Mixed Platforms
		Release|x86 = Release|x86
	EndGlobalSection
	GlobalSection(ProjectConfigurationPlatforms) = postSolution
		{FAE9E8F8-5494-494E-983E-BAA517478303}.Debug - GrapeCity|Any CPU.ActiveCfg = Debug|x86
		{FAE9E8F8-5494-494E-983E-BAA517478303}.Debug - GrapeCity|Mixed Platforms.ActiveCfg = Debug|x86
		{FAE9E8F8-5494-494E-983E-BAA517478303}.Debug - GrapeCity|Mixed Platforms.Build.0 = Debug|x86
		{FAE9E8F8-5494-494E-983E-BAA517478303}.Debug - GrapeCity|x86.ActiveCfg = Debug|x86
		{FAE9E8F8-5494-494E-983E-BAA517478303}.Debug - GrapeCity|x86.Build.0 = Debug|x86
		{FAE9E8F8-5494-494E-983E-BAA517478303}.Debug - XML|Any CPU.ActiveCfg = Debug|x86
		{FAE9E8F8-5494-494E-983E-BAA517478303}.Debug - XML|Mixed Platforms.ActiveCfg = Debug|x86
		{FAE9E8F8-5494-494E-983E-BAA517478303}.Debug - XML|Mixed Platforms.Build.0 = Debug|x86
		{FAE9E8F8-5494-494E-983E-BAA517478303}.Debug - XML|x86.ActiveCfg = Debug|x86
		{FAE9E8F8-5494-494E-983E-BAA517478303}.Debug - XML|x86.Build.0 = Debug|x86
		{FAE9E8F8-5494-494E-983E-BAA517478303}.Debug|Any CPU.ActiveCfg = Debug|x86
		{FAE9E8F8-5494-494E-983E-BAA517478303}.Debug|Mixed Platforms.ActiveCfg = Debug|x86
		{FAE9E8F8-5494-494E-983E-BAA517478303}.Debug|Mixed Platforms.Build.0 = Debug|x86
		{FAE9E8F8-5494-494E-983E-BAA517478303}.Debug|x86.ActiveCfg = Debug|x86
		{FAE9E8F8-5494-494E-983E-BAA517478303}.Debug|x86.Build.0 = Debug|x86
		{FAE9E8F8-5494-494E-983E-BAA517478303}.GrapeCity|Any CPU.ActiveCfg = Release|x86
		{FAE9E8F8-5494-494E-983E-BAA517478303}.GrapeCity|Mixed Platforms.ActiveCfg = Release|x86
		{FAE9E8F8-5494-494E-983E-BAA517478303}.GrapeCity|Mixed Platforms.Build.0 = Release|x86
		{FAE9E8F8-5494-494E-983E-BAA517478303}.GrapeCity|x86.ActiveCfg = Release|x86
		{FAE9E8F8-5494-494E-983E-BAA517478303}.GrapeCity|x86.Build.0 = Release|x86
		{FAE9E8F8-5494-494E-983E-BAA517478303}.Release|Any CPU.ActiveCfg = Release|x86
		{FAE9E8F8-5494-494E-983E-BAA517478303}.Release|Mixed Platforms.ActiveCfg = Release|x86
		{FAE9E8F8-5494-494E-983E-BAA517478303}.Release|Mixed Platforms.Build.0 = Release|x86
		{FAE9E8F8-5494-494E-983E-BAA517478303}.Release|x86.ActiveCfg = Release|x86
		{FAE9E8F8-5494-494E-983E-BAA517478303}.Release|x86.Build.0 = Release|x86
	EndGlobalSection
	GlobalSection(SolutionProperties) = preSolution
		HideSolutionNode = FALSE
	EndGlobalSection
EndGlobal
