
Microsoft Visual Studio Solution File, Format Version 12.00
# Visual Studio 14
VisualStudioVersion = 14.0.25420.1
MinimumVisualStudioVersion = 10.0.40219.1
Project("{507655BF-515C-42AE-8637-DFF6C21C066E}") = "Sorting.vbproj", "Sorting.vbproj", "{4664473D-624D-41EE-9748-C5E020F3535C}"
EndProject
Global
	GlobalSection(SolutionConfigurationPlatforms) = preSolution
		Debug|Any CPU = Debug|Any CPU
		Release|Any CPU = Release|Any CPU
	EndGlobalSection
	GlobalSection(ProjectConfigurationPlatforms) = postSolution
		{4664473D-624D-41EE-9748-C5E020F3535C}.Debug|Any CPU.ActiveCfg = Debug|Any CPU
		{4664473D-624D-41EE-9748-C5E020F3535C}.Debug|Any CPU.Build.0 = Debug|Any CPU
		{4664473D-624D-41EE-9748-C5E020F3535C}.Release|Any CPU.ActiveCfg = Release|Any CPU
		{4664473D-624D-41EE-9748-C5E020F3535C}.Release|Any CPU.Build.0 = Release|Any CPU
	EndGlobalSection
	GlobalSection(SolutionProperties) = preSolution
		HideSolutionNode = FALSE
	EndGlobalSection
EndGlobal
