
Microsoft Visual Studio Solution File, Format Version 12.00
# Visual Studio 14
VisualStudioVersion = 14.0.25420.1
MinimumVisualStudioVersion = 10.0.40219.1
Project("{F9D8A760-434B-4980-87C6-3EFD9135A7D5}") = "DBTree.vbproj", "DBTree.vbproj", "{03DBC02F-7065-4DC7-8704-F7790DDAF847}"
EndProject
Global
	GlobalSection(SolutionConfigurationPlatforms) = preSolution
		Debug|Any CPU = Debug|Any CPU
		Release|Any CPU = Release|Any CPU
	EndGlobalSection
	GlobalSection(ProjectConfigurationPlatforms) = postSolution
		{03DBC02F-7065-4DC7-8704-F7790DDAF847}.Debug|Any CPU.ActiveCfg = Debug|Any CPU
		{03DBC02F-7065-4DC7-8704-F7790DDAF847}.Debug|Any CPU.Build.0 = Debug|Any CPU
		{03DBC02F-7065-4DC7-8704-F7790DDAF847}.Release|Any CPU.ActiveCfg = Release|Any CPU
		{03DBC02F-7065-4DC7-8704-F7790DDAF847}.Release|Any CPU.Build.0 = Release|Any CPU
	EndGlobalSection
	GlobalSection(SolutionProperties) = preSolution
		HideSolutionNode = FALSE
	EndGlobalSection
EndGlobal
