
Microsoft Visual Studio Solution File, Format Version 12.00
# Visual Studio 14
VisualStudioVersion = 14.0.25420.1
MinimumVisualStudioVersion = 10.0.40219.1
Project("{FA5F6990-07BE-4822-BDB8-DF1AE4C4F87C}") = "SortMappedColumns.csproj", "SortMappedColumns.csproj", "{1563DA13-F11F-4FB1-A572-AD9C825B72AF}"
EndProject
Global
	GlobalSection(SolutionConfigurationPlatforms) = preSolution
		Debug|Any CPU = Debug|Any CPU
		Release|Any CPU = Release|Any CPU
	EndGlobalSection
	GlobalSection(ProjectConfigurationPlatforms) = postSolution
		{1563DA13-F11F-4FB1-A572-AD9C825B72AF}.Debug|Any CPU.ActiveCfg = Debug|Any CPU
		{1563DA13-F11F-4FB1-A572-AD9C825B72AF}.Debug|Any CPU.Build.0 = Debug|Any CPU
		{1563DA13-F11F-4FB1-A572-AD9C825B72AF}.Release|Any CPU.ActiveCfg = Release|Any CPU
		{1563DA13-F11F-4FB1-A572-AD9C825B72AF}.Release|Any CPU.Build.0 = Release|Any CPU
	EndGlobalSection
	GlobalSection(SolutionProperties) = preSolution
		HideSolutionNode = FALSE
	EndGlobalSection
EndGlobal
