
Microsoft Visual Studio Solution File, Format Version 12.00
# Visual Studio Version 16
VisualStudioVersion = 16.0.30104.148
MinimumVisualStudioVersion = 10.0.40219.1
Project("{FAE04EC0-301F-11D3-BF4B-00C04F79EFBC}") = "FlexGridConditionalFormatting", "FlexGridConditionalFormatting.csproj", "{C6E96F4C-8873-4597-BEAC-30DBD4E4607F}"
EndProject
Global
	GlobalSection(SolutionConfigurationPlatforms) = preSolution
		Debug|Any CPU = Debug|Any CPU
		Release|Any CPU = Release|Any CPU
	EndGlobalSection
	GlobalSection(ProjectConfigurationPlatforms) = postSolution
		{C6E96F4C-8873-4597-BEAC-30DBD4E4607F}.Debug|Any CPU.ActiveCfg = Debug|Any CPU
		{C6E96F4C-8873-4597-BEAC-30DBD4E4607F}.Debug|Any CPU.Build.0 = Debug|Any CPU
		{C6E96F4C-8873-4597-BEAC-30DBD4E4607F}.Release|Any CPU.ActiveCfg = Release|Any CPU
		{C6E96F4C-8873-4597-BEAC-30DBD4E4607F}.Release|Any CPU.Build.0 = Release|Any CPU
	EndGlobalSection
	GlobalSection(SolutionProperties) = preSolution
		HideSolutionNode = FALSE
	EndGlobalSection
	GlobalSection(ExtensibilityGlobals) = postSolution
		SolutionGuid = {88B2CE10-10FD-4588-8E3D-F31D549E3017}
	EndGlobalSection
	GlobalSection(TeamFoundationVersionControl) = preSolution
		SccNumberOfProjects = 2
		SccEnterpriseProvider = {4CA58AB2-18FA-4F8D-95D4-32DDF27D184C}
		SccTeamFoundationServer = https://tfsdevel.componentone.com:8090/tfs/defaultcollection
		SccLocalPath0 = .
		SccProjectUniqueName1 = FlexGridConditionalFormatting.csproj
		SccLocalPath1 = .
	EndGlobalSection
EndGlobal
