
Microsoft Visual Studio Solution File, Format Version 12.00
# Visual Studio 14
VisualStudioVersion = 14.0.25420.1
MinimumVisualStudioVersion = 10.0.40219.1
Project("{B4C50B1D-7376-4617-8DDB-1398DDFBB1AA}") = "Tutorial20.csproj", "Tutorial20.csproj", "{FB5124D6-BBFA-479F-B42F-BC5AC288C444}"
EndProject
Global
	GlobalSection(SolutionConfigurationPlatforms) = preSolution
		Debug|Any CPU = Debug|Any CPU
		Release|Any CPU = Release|Any CPU
	EndGlobalSection
	GlobalSection(ProjectConfigurationPlatforms) = postSolution
		{FB5124D6-BBFA-479F-B42F-BC5AC288C444}.Debug|Any CPU.ActiveCfg = Debug|Any CPU
		{FB5124D6-BBFA-479F-B42F-BC5AC288C444}.Debug|Any CPU.Build.0 = Debug|Any CPU
		{FB5124D6-BBFA-479F-B42F-BC5AC288C444}.Release|Any CPU.ActiveCfg = Release|Any CPU
		{FB5124D6-BBFA-479F-B42F-BC5AC288C444}.Release|Any CPU.Build.0 = Release|Any CPU
	EndGlobalSection
	GlobalSection(SolutionProperties) = preSolution
		HideSolutionNode = FALSE
	EndGlobalSection
EndGlobal
