
Microsoft Visual Studio Solution File, Format Version 12.00
# Visual Studio Version 16
VisualStudioVersion = 16.0.30626.31
MinimumVisualStudioVersion = 10.0.40219.1
Project("{FAE04EC0-301F-11D3-BF4B-00C04F79EFBC}") = "C1.Win.Chart.Designer", "C1.Win.Chart.Designer.csproj", "{F1006198-C667-4433-936B-5B6511D075F2}"
EndProject
Global
	GlobalSection(SolutionConfigurationPlatforms) = preSolution
		Debug|Any CPU = Debug|Any CPU
		Release|Any CPU = Release|Any CPU
	EndGlobalSection
	GlobalSection(ProjectConfigurationPlatforms) = postSolution
		{F1006198-C667-4433-936B-5B6511D075F2}.Debug|Any CPU.ActiveCfg = Debug|Any CPU
		{F1006198-C667-4433-936B-5B6511D075F2}.Debug|Any CPU.Build.0 = Debug|Any CPU
		{F1006198-C667-4433-936B-5B6511D075F2}.Release|Any CPU.ActiveCfg = Release|Any CPU
		{F1006198-C667-4433-936B-5B6511D075F2}.Release|Any CPU.Build.0 = Release|Any CPU
	EndGlobalSection
	GlobalSection(SolutionProperties) = preSolution
		HideSolutionNode = FALSE
	EndGlobalSection
	GlobalSection(ExtensibilityGlobals) = postSolution
		SolutionGuid = {B26E433F-4626-4312-AE25-AF9F4667EE3B}
	EndGlobalSection
EndGlobal
