
Microsoft Visual Studio Solution File, Format Version 12.00
# Visual Studio 14
VisualStudioVersion = 14.0.25420.1
MinimumVisualStudioVersion = 10.0.40219.1
Project("{4F54C1CD-9A90-4133-8268-AA9B6046C011}") = "DataMap.vbproj", "DataMap.vbproj", "{7F326E03-10EC-4AEE-A988-9E0389351835}"
EndProject
Global
	GlobalSection(SolutionConfigurationPlatforms) = preSolution
		Debug|x86 = Debug|x86
		Release|x86 = Release|x86
	EndGlobalSection
	GlobalSection(ProjectConfigurationPlatforms) = postSolution
		{7F326E03-10EC-4AEE-A988-9E0389351835}.Debug|x86.ActiveCfg = Debug|x86
		{7F326E03-10EC-4AEE-A988-9E0389351835}.Debug|x86.Build.0 = Debug|x86
		{7F326E03-10EC-4AEE-A988-9E0389351835}.Release|x86.ActiveCfg = Release|x86
		{7F326E03-10EC-4AEE-A988-9E0389351835}.Release|x86.Build.0 = Release|x86
	EndGlobalSection
	GlobalSection(SolutionProperties) = preSolution
		HideSolutionNode = FALSE
	EndGlobalSection
EndGlobal
