
Microsoft Visual Studio Solution File, Format Version 12.00
# Visual Studio Version 16
VisualStudioVersion = 16.0.31205.134
MinimumVisualStudioVersion = 10.0.40219.1
Project("{9A19103F-16F7-4668-BE54-9A1E7A4F7556}") = "CrossTabC1PrintDoc", "CrossTabC1PrintDoc.csproj", "{CF8DDFF1-546E-4566-B63A-5D9D82FD623A}"
EndProject
Global
	GlobalSection(SolutionConfigurationPlatforms) = preSolution
		Debug|x86 = Debug|x86
		Release|x86 = Release|x86
	EndGlobalSection
	GlobalSection(ProjectConfigurationPlatforms) = postSolution
		{CF8DDFF1-546E-4566-B63A-5D9D82FD623A}.Debug|x86.ActiveCfg = Debug|Any CPU
		{CF8DDFF1-546E-4566-B63A-5D9D82FD623A}.Debug|x86.Build.0 = Debug|Any CPU
		{CF8DDFF1-546E-4566-B63A-5D9D82FD623A}.Release|x86.ActiveCfg = Release|x86
		{CF8DDFF1-546E-4566-B63A-5D9D82FD623A}.Release|x86.Build.0 = Release|x86
	EndGlobalSection
	GlobalSection(SolutionProperties) = preSolution
		HideSolutionNode = FALSE
	EndGlobalSection
	GlobalSection(ExtensibilityGlobals) = postSolution
		SolutionGuid = {6D5EB4FB-F8C8-4935-BFA4-3B91572BC54F}
	EndGlobalSection
EndGlobal
