
Microsoft Visual Studio Solution File, Format Version 12.00
# Visual Studio Version 16
VisualStudioVersion = 16.0.30626.31
MinimumVisualStudioVersion = 10.0.40219.1
Project("{FAE04EC0-301F-11D3-BF4B-00C04F79EFBC}") = "CurrencyComparison", "CurrencyComparison.csproj", "{40E2A19E-7724-47DD-B47A-AFC28982B28C}"
EndProject
Global
	GlobalSection(SolutionConfigurationPlatforms) = preSolution
		Debug|Any CPU = Debug|Any CPU
		Release|Any CPU = Release|Any CPU
	EndGlobalSection
	GlobalSection(ProjectConfigurationPlatforms) = postSolution
		{40E2A19E-7724-47DD-B47A-AFC28982B28C}.Debug|Any CPU.ActiveCfg = Debug|Any CPU
		{40E2A19E-7724-47DD-B47A-AFC28982B28C}.Debug|Any CPU.Build.0 = Debug|Any CPU
		{40E2A19E-7724-47DD-B47A-AFC28982B28C}.Release|Any CPU.ActiveCfg = Release|Any CPU
		{40E2A19E-7724-47DD-B47A-AFC28982B28C}.Release|Any CPU.Build.0 = Release|Any CPU
	EndGlobalSection
	GlobalSection(SolutionProperties) = preSolution
		HideSolutionNode = FALSE
	EndGlobalSection
	GlobalSection(ExtensibilityGlobals) = postSolution
		SolutionGuid = {D8CA60D1-A8FE-46D2-85A5-39F82A9649C8}
	EndGlobalSection
EndGlobal
