
Microsoft Visual Studio Solution File, Format Version 12.00
# Visual Studio 14
VisualStudioVersion = 14.0.25420.1
MinimumVisualStudioVersion = 10.0.40219.1
Project("{07860CD2-FDD7-4D8E-A7AA-315B53A13263}") = "C1ZipDemo.csproj", "C1ZipDemo.csproj", "{2DC5A359-60B1-4A28-B43D-131580220B63}"
EndProject
Global
	GlobalSection(SolutionConfigurationPlatforms) = preSolution
		Debug|Any CPU = Debug|Any CPU
		Release|Any CPU = Release|Any CPU
	EndGlobalSection
	GlobalSection(ProjectConfigurationPlatforms) = postSolution
		{2DC5A359-60B1-4A28-B43D-131580220B63}.Debug|Any CPU.ActiveCfg = Debug|Any CPU
		{2DC5A359-60B1-4A28-B43D-131580220B63}.Debug|Any CPU.Build.0 = Debug|Any CPU
		{2DC5A359-60B1-4A28-B43D-131580220B63}.Release|Any CPU.ActiveCfg = Release|Any CPU
		{2DC5A359-60B1-4A28-B43D-131580220B63}.Release|Any CPU.Build.0 = Release|Any CPU
	EndGlobalSection
	GlobalSection(SolutionProperties) = preSolution
		HideSolutionNode = FALSE
	EndGlobalSection
EndGlobal
