Microsoft Visual Studio Solution File, Format Version 12.00
# Visual Studio Version 17
VisualStudioVersion = 17.4.33213.308
MinimumVisualStudioVersion = 10.0.40219.1
Project("{778DAE3C-4631-46EA-AA77-85C1314464D9}") = "Tutorial8", "Tutorial8.vbproj", "{E04424CF-DAE2-4945-B2DD-7EABF8AF71E9}"
EndProject
Global
	GlobalSection(SolutionConfigurationPlatforms) = preSolution
		Debug|Any CPU = Debug|Any CPU
		Release|Any CPU = Release|Any CPU
	EndGlobalSection
	GlobalSection(ProjectConfigurationPlatforms) = postSolution
		{E04424CF-DAE2-4945-B2DD-7EABF8AF71E9}.Debug|Any CPU.ActiveCfg = Debug|Any CPU
		{E04424CF-DAE2-4945-B2DD-7EABF8AF71E9}.Debug|Any CPU.Build.0 = Debug|Any CPU
		{E04424CF-DAE2-4945-B2DD-7EABF8AF71E9}.Release|Any CPU.ActiveCfg = Release|Any CPU
		{E04424CF-DAE2-4945-B2DD-7EABF8AF71E9}.Release|Any CPU.Build.0 = Release|Any CPU
	EndGlobalSection
	GlobalSection(SolutionProperties) = preSolution
		HideSolutionNode = FALSE
	EndGlobalSection
	GlobalSection(ExtensibilityGlobals) = postSolution
		SolutionGuid = {AB2CEC9E-5EAC-4A2D-A273-549F253025D0}
	EndGlobalSection
EndGlobal
