
Microsoft Visual Studio Solution File, Format Version 12.00
# Visual Studio 14
VisualStudioVersion = 14.0.25420.1
MinimumVisualStudioVersion = 10.0.40219.1
Project("{34B3F00F-CB64-4F72-A119-760D45C21E44}") = "Tutorial9.csproj", "Tutorial9.csproj", "{69E0E607-C5DA-4BE2-9D36-81594D67728F}"
EndProject
Global
	GlobalSection(SolutionConfigurationPlatforms) = preSolution
		Debug|Any CPU = Debug|Any CPU
		Release|Any CPU = Release|Any CPU
	EndGlobalSection
	GlobalSection(ProjectConfigurationPlatforms) = postSolution
		{69E0E607-C5DA-4BE2-9D36-81594D67728F}.Debug|Any CPU.ActiveCfg = Debug|Any CPU
		{69E0E607-C5DA-4BE2-9D36-81594D67728F}.Debug|Any CPU.Build.0 = Debug|Any CPU
		{69E0E607-C5DA-4BE2-9D36-81594D67728F}.Release|Any CPU.ActiveCfg = Release|Any CPU
		{69E0E607-C5DA-4BE2-9D36-81594D67728F}.Release|Any CPU.Build.0 = Release|Any CPU
	EndGlobalSection
	GlobalSection(SolutionProperties) = preSolution
		HideSolutionNode = FALSE
	EndGlobalSection
EndGlobal
