
Microsoft Visual Studio Solution File, Format Version 12.00
# Visual Studio Version 16
VisualStudioVersion = 16.0.30509.190
MinimumVisualStudioVersion = 10.0.40219.1
Project("{9A19103F-16F7-4668-BE54-9A1E7A4F7556}") = "PrintAndExport", "PrintAndExport.csproj", "{C1B3ABFD-0C70-47AA-AC6F-D99AA3BB9EBD}"
EndProject
Global
	GlobalSection(SolutionConfigurationPlatforms) = preSolution
		Debug_GRAPECITY|Any CPU = Debug_GRAPECITY|Any CPU
		Debug|Any CPU = Debug|Any CPU
		Release_GRAPECITY|Any CPU = Release_GRAPECITY|Any CPU
		Release|Any CPU = Release|Any CPU
	EndGlobalSection
	GlobalSection(ProjectConfigurationPlatforms) = postSolution
		{C1B3ABFD-0C70-47AA-AC6F-D99AA3BB9EBD}.Debug_GRAPECITY|Any CPU.ActiveCfg = Debug|Any CPU
		{C1B3ABFD-0C70-47AA-AC6F-D99AA3BB9EBD}.Debug_GRAPECITY|Any CPU.Build.0 = Debug|Any CPU
		{C1B3ABFD-0C70-47AA-AC6F-D99AA3BB9EBD}.Debug|Any CPU.ActiveCfg = Debug|Any CPU
		{C1B3ABFD-0C70-47AA-AC6F-D99AA3BB9EBD}.Debug|Any CPU.Build.0 = Debug|Any CPU
		{C1B3ABFD-0C70-47AA-AC6F-D99AA3BB9EBD}.Release_GRAPECITY|Any CPU.ActiveCfg = Release|Any CPU
		{C1B3ABFD-0C70-47AA-AC6F-D99AA3BB9EBD}.Release_GRAPECITY|Any CPU.Build.0 = Release|Any CPU
		{C1B3ABFD-0C70-47AA-AC6F-D99AA3BB9EBD}.Release|Any CPU.ActiveCfg = Release|Any CPU
		{C1B3ABFD-0C70-47AA-AC6F-D99AA3BB9EBD}.Release|Any CPU.Build.0 = Release|Any CPU
	EndGlobalSection
	GlobalSection(SolutionProperties) = preSolution
		HideSolutionNode = FALSE
	EndGlobalSection
	GlobalSection(ExtensibilityGlobals) = postSolution
		SolutionGuid = {7F088917-DF7D-4EE1-AD07-0515616ED0D0}
	EndGlobalSection
EndGlobal
