
Microsoft Visual Studio Solution File, Format Version 12.00
# Visual Studio Version 16
VisualStudioVersion = 16.0.28711.60
MinimumVisualStudioVersion = 10.0.40219.1
Project("{9A19103F-16F7-4668-BE54-9A1E7A4F7556}") = "DotNetCore3", "DotNetCore3\DotNetCore3.csproj", "{68F42961-F43A-4FB5-9F96-062A73D423AC}"
EndProject
Project("{FAE04EC0-301F-11D3-BF4B-00C04F79EFBC}") = "WindowsFormsApp1", "WindowsFormsApp1\WindowsFormsApp1.csproj", "{2D51F348-F55A-463F-AAB8-C03E09185830}"
EndProject
Project("{FAE04EC0-301F-11D3-BF4B-00C04F79EFBC}") = "BarcodeDemo", "BarcodeDemo\BarcodeDemo.csproj", "{B890E99D-B974-46F6-A6E9-C9668B8564C1}"
EndProject
Project("{FAE04EC0-301F-11D3-BF4B-00C04F79EFBC}") = "CVForm", "CVForm\CVForm.csproj", "{9D883596-43A5-489D-89F8-CC7593FCC63D}"
EndProject
Project("{FAE04EC0-301F-11D3-BF4B-00C04F79EFBC}") = "DragAndDrop", "DragAndDrop\DragAndDrop\DragAndDrop.csproj", "{5002539E-AC4C-4007-82A6-FCB4C06DB001}"
EndProject
Project("{FAE04EC0-301F-11D3-BF4B-00C04F79EFBC}") = "GaugeDemo", "GaugeDemo\GaugeDemo.csproj", "{BC00D592-0E06-4689-B065-72FCCFF1F5DF}"
EndProject
Project("{FAE04EC0-301F-11D3-BF4B-00C04F79EFBC}") = "JpnEraDateEdit.2013", "JpnEraDateEdit\JpnEraDateEdit.2013.csproj", "{DFE0D934-1E6C-496C-AFF1-ED0C46239111}"
EndProject
Project("{FAE04EC0-301F-11D3-BF4B-00C04F79EFBC}") = "LayoutDemo", "LayoutDemo\LayoutDemo.csproj", "{EB3D4AF5-8C47-4B59-8FCF-13C871378391}"
EndProject
Project("{FAE04EC0-301F-11D3-BF4B-00C04F79EFBC}") = "RangeSliders", "RangeSliders\RangeSliders.csproj", "{29390BA6-7A8F-4B1A-A12F-B4F385732AE3}"
EndProject
Project("{FAE04EC0-301F-11D3-BF4B-00C04F79EFBC}") = "SeparateControls", "SeparateControls\SeparateControls\SeparateControls.csproj", "{351A8678-9380-40C5-AF3E-D99270C26DB9}"
EndProject
Project("{FAE04EC0-301F-11D3-BF4B-00C04F79EFBC}") = "Subtotals", "Subtotals\Subtotals.csproj", "{836CE062-F69C-4EA3-B06E-D2EF26394021}"
EndProject
Global
	GlobalSection(SolutionConfigurationPlatforms) = preSolution
		Debug|Any CPU = Debug|Any CPU
		Debug|x86 = Debug|x86
		Release|Any CPU = Release|Any CPU
		Release|x86 = Release|x86
	EndGlobalSection
	GlobalSection(ProjectConfigurationPlatforms) = postSolution
		{68F42961-F43A-4FB5-9F96-062A73D423AC}.Debug|Any CPU.ActiveCfg = Debug|Any CPU
		{68F42961-F43A-4FB5-9F96-062A73D423AC}.Debug|Any CPU.Build.0 = Debug|Any CPU
		{68F42961-F43A-4FB5-9F96-062A73D423AC}.Debug|x86.ActiveCfg = Debug|Any CPU
		{68F42961-F43A-4FB5-9F96-062A73D423AC}.Debug|x86.Build.0 = Debug|Any CPU
		{68F42961-F43A-4FB5-9F96-062A73D423AC}.Release|Any CPU.ActiveCfg = Release|Any CPU
		{68F42961-F43A-4FB5-9F96-062A73D423AC}.Release|Any CPU.Build.0 = Release|Any CPU
		{68F42961-F43A-4FB5-9F96-062A73D423AC}.Release|x86.ActiveCfg = Release|Any CPU
		{68F42961-F43A-4FB5-9F96-062A73D423AC}.Release|x86.Build.0 = Release|Any CPU
		{2D51F348-F55A-463F-AAB8-C03E09185830}.Debug|Any CPU.ActiveCfg = Debug|Any CPU
		{2D51F348-F55A-463F-AAB8-C03E09185830}.Debug|Any CPU.Build.0 = Debug|Any CPU
		{2D51F348-F55A-463F-AAB8-C03E09185830}.Debug|x86.ActiveCfg = Debug|Any CPU
		{2D51F348-F55A-463F-AAB8-C03E09185830}.Debug|x86.Build.0 = Debug|Any CPU
		{2D51F348-F55A-463F-AAB8-C03E09185830}.Release|Any CPU.ActiveCfg = Release|Any CPU
		{2D51F348-F55A-463F-AAB8-C03E09185830}.Release|Any CPU.Build.0 = Release|Any CPU
		{2D51F348-F55A-463F-AAB8-C03E09185830}.Release|x86.ActiveCfg = Release|Any CPU
		{2D51F348-F55A-463F-AAB8-C03E09185830}.Release|x86.Build.0 = Release|Any CPU
		{B890E99D-B974-46F6-A6E9-C9668B8564C1}.Debug|Any CPU.ActiveCfg = Debug|Any CPU
		{B890E99D-B974-46F6-A6E9-C9668B8564C1}.Debug|Any CPU.Build.0 = Debug|Any CPU
		{B890E99D-B974-46F6-A6E9-C9668B8564C1}.Debug|x86.ActiveCfg = Debug|Any CPU
		{B890E99D-B974-46F6-A6E9-C9668B8564C1}.Debug|x86.Build.0 = Debug|Any CPU
		{B890E99D-B974-46F6-A6E9-C9668B8564C1}.Release|Any CPU.ActiveCfg = Release|Any CPU
		{B890E99D-B974-46F6-A6E9-C9668B8564C1}.Release|Any CPU.Build.0 = Release|Any CPU
		{B890E99D-B974-46F6-A6E9-C9668B8564C1}.Release|x86.ActiveCfg = Release|Any CPU
		{B890E99D-B974-46F6-A6E9-C9668B8564C1}.Release|x86.Build.0 = Release|Any CPU
		{9D883596-43A5-489D-89F8-CC7593FCC63D}.Debug|Any CPU.ActiveCfg = Debug|Any CPU
		{9D883596-43A5-489D-89F8-CC7593FCC63D}.Debug|Any CPU.Build.0 = Debug|Any CPU
		{9D883596-43A5-489D-89F8-CC7593FCC63D}.Debug|x86.ActiveCfg = Debug|Any CPU
		{9D883596-43A5-489D-89F8-CC7593FCC63D}.Debug|x86.Build.0 = Debug|Any CPU
		{9D883596-43A5-489D-89F8-CC7593FCC63D}.Release|Any CPU.ActiveCfg = Release|Any CPU
		{9D883596-43A5-489D-89F8-CC7593FCC63D}.Release|Any CPU.Build.0 = Release|Any CPU
		{9D883596-43A5-489D-89F8-CC7593FCC63D}.Release|x86.ActiveCfg = Release|Any CPU
		{9D883596-43A5-489D-89F8-CC7593FCC63D}.Release|x86.Build.0 = Release|Any CPU
		{5002539E-AC4C-4007-82A6-FCB4C06DB001}.Debug|Any CPU.ActiveCfg = Debug|Any CPU
		{5002539E-AC4C-4007-82A6-FCB4C06DB001}.Debug|Any CPU.Build.0 = Debug|Any CPU
		{5002539E-AC4C-4007-82A6-FCB4C06DB001}.Debug|x86.ActiveCfg = Debug|Any CPU
		{5002539E-AC4C-4007-82A6-FCB4C06DB001}.Debug|x86.Build.0 = Debug|Any CPU
		{5002539E-AC4C-4007-82A6-FCB4C06DB001}.Release|Any CPU.ActiveCfg = Release|Any CPU
		{5002539E-AC4C-4007-82A6-FCB4C06DB001}.Release|Any CPU.Build.0 = Release|Any CPU
		{5002539E-AC4C-4007-82A6-FCB4C06DB001}.Release|x86.ActiveCfg = Release|Any CPU
		{5002539E-AC4C-4007-82A6-FCB4C06DB001}.Release|x86.Build.0 = Release|Any CPU
		{BC00D592-0E06-4689-B065-72FCCFF1F5DF}.Debug|Any CPU.ActiveCfg = Debug|Any CPU
		{BC00D592-0E06-4689-B065-72FCCFF1F5DF}.Debug|Any CPU.Build.0 = Debug|Any CPU
		{BC00D592-0E06-4689-B065-72FCCFF1F5DF}.Debug|x86.ActiveCfg = Debug|Any CPU
		{BC00D592-0E06-4689-B065-72FCCFF1F5DF}.Debug|x86.Build.0 = Debug|Any CPU
		{BC00D592-0E06-4689-B065-72FCCFF1F5DF}.Release|Any CPU.ActiveCfg = Release|Any CPU
		{BC00D592-0E06-4689-B065-72FCCFF1F5DF}.Release|Any CPU.Build.0 = Release|Any CPU
		{BC00D592-0E06-4689-B065-72FCCFF1F5DF}.Release|x86.ActiveCfg = Release|Any CPU
		{BC00D592-0E06-4689-B065-72FCCFF1F5DF}.Release|x86.Build.0 = Release|Any CPU
		{DFE0D934-1E6C-496C-AFF1-ED0C46239111}.Debug|Any CPU.ActiveCfg = Debug|Any CPU
		{DFE0D934-1E6C-496C-AFF1-ED0C46239111}.Debug|Any CPU.Build.0 = Debug|Any CPU
		{DFE0D934-1E6C-496C-AFF1-ED0C46239111}.Debug|x86.ActiveCfg = Debug|Any CPU
		{DFE0D934-1E6C-496C-AFF1-ED0C46239111}.Debug|x86.Build.0 = Debug|Any CPU
		{DFE0D934-1E6C-496C-AFF1-ED0C46239111}.Release|Any CPU.ActiveCfg = Release|Any CPU
		{DFE0D934-1E6C-496C-AFF1-ED0C46239111}.Release|Any CPU.Build.0 = Release|Any CPU
		{DFE0D934-1E6C-496C-AFF1-ED0C46239111}.Release|x86.ActiveCfg = Release|Any CPU
		{DFE0D934-1E6C-496C-AFF1-ED0C46239111}.Release|x86.Build.0 = Release|Any CPU
		{EB3D4AF5-8C47-4B59-8FCF-13C871378391}.Debug|Any CPU.ActiveCfg = Debug|Any CPU
		{EB3D4AF5-8C47-4B59-8FCF-13C871378391}.Debug|Any CPU.Build.0 = Debug|Any CPU
		{EB3D4AF5-8C47-4B59-8FCF-13C871378391}.Debug|x86.ActiveCfg = Debug|Any CPU
		{EB3D4AF5-8C47-4B59-8FCF-13C871378391}.Debug|x86.Build.0 = Debug|Any CPU
		{EB3D4AF5-8C47-4B59-8FCF-13C871378391}.Release|Any CPU.ActiveCfg = Release|Any CPU
		{EB3D4AF5-8C47-4B59-8FCF-13C871378391}.Release|Any CPU.Build.0 = Release|Any CPU
		{EB3D4AF5-8C47-4B59-8FCF-13C871378391}.Release|x86.ActiveCfg = Release|Any CPU
		{EB3D4AF5-8C47-4B59-8FCF-13C871378391}.Release|x86.Build.0 = Release|Any CPU
		{29390BA6-7A8F-4B1A-A12F-B4F385732AE3}.Debug|Any CPU.ActiveCfg = Debug|Any CPU
		{29390BA6-7A8F-4B1A-A12F-B4F385732AE3}.Debug|Any CPU.Build.0 = Debug|Any CPU
		{29390BA6-7A8F-4B1A-A12F-B4F385732AE3}.Debug|x86.ActiveCfg = Debug|Any CPU
		{29390BA6-7A8F-4B1A-A12F-B4F385732AE3}.Debug|x86.Build.0 = Debug|Any CPU
		{29390BA6-7A8F-4B1A-A12F-B4F385732AE3}.Release|Any CPU.ActiveCfg = Release|Any CPU
		{29390BA6-7A8F-4B1A-A12F-B4F385732AE3}.Release|Any CPU.Build.0 = Release|Any CPU
		{29390BA6-7A8F-4B1A-A12F-B4F385732AE3}.Release|x86.ActiveCfg = Release|Any CPU
		{29390BA6-7A8F-4B1A-A12F-B4F385732AE3}.Release|x86.Build.0 = Release|Any CPU
		{351A8678-9380-40C5-AF3E-D99270C26DB9}.Debug|Any CPU.ActiveCfg = Debug|Any CPU
		{351A8678-9380-40C5-AF3E-D99270C26DB9}.Debug|Any CPU.Build.0 = Debug|Any CPU
		{351A8678-9380-40C5-AF3E-D99270C26DB9}.Debug|x86.ActiveCfg = Debug|Any CPU
		{351A8678-9380-40C5-AF3E-D99270C26DB9}.Debug|x86.Build.0 = Debug|Any CPU
		{351A8678-9380-40C5-AF3E-D99270C26DB9}.Release|Any CPU.ActiveCfg = Release|Any CPU
		{351A8678-9380-40C5-AF3E-D99270C26DB9}.Release|Any CPU.Build.0 = Release|Any CPU
		{351A8678-9380-40C5-AF3E-D99270C26DB9}.Release|x86.ActiveCfg = Release|Any CPU
		{351A8678-9380-40C5-AF3E-D99270C26DB9}.Release|x86.Build.0 = Release|Any CPU
		{836CE062-F69C-4EA3-B06E-D2EF26394021}.Debug|Any CPU.ActiveCfg = Debug|Any CPU
		{836CE062-F69C-4EA3-B06E-D2EF26394021}.Debug|Any CPU.Build.0 = Debug|Any CPU
		{836CE062-F69C-4EA3-B06E-D2EF26394021}.Debug|x86.ActiveCfg = Debug|Any CPU
		{836CE062-F69C-4EA3-B06E-D2EF26394021}.Debug|x86.Build.0 = Debug|Any CPU
		{836CE062-F69C-4EA3-B06E-D2EF26394021}.Release|Any CPU.ActiveCfg = Release|Any CPU
		{836CE062-F69C-4EA3-B06E-D2EF26394021}.Release|Any CPU.Build.0 = Release|Any CPU
		{836CE062-F69C-4EA3-B06E-D2EF26394021}.Release|x86.ActiveCfg = Release|Any CPU
		{836CE062-F69C-4EA3-B06E-D2EF26394021}.Release|x86.Build.0 = Release|Any CPU
	EndGlobalSection
	GlobalSection(SolutionProperties) = preSolution
		HideSolutionNode = FALSE
	EndGlobalSection
	GlobalSection(ExtensibilityGlobals) = postSolution
		SolutionGuid = {91F9BE49-1D3F-482E-8444-D3A3036C0C33}
	EndGlobalSection
EndGlobal
