
Microsoft Visual Studio Solution File, Format Version 12.00
# Visual Studio Version 16
VisualStudioVersion = 16.0.31205.134
MinimumVisualStudioVersion = 10.0.40219.1
Project("{FAE04EC0-301F-11D3-BF4B-00C04F79EFBC}") = "BillOfSale", "BillOfSale.csproj", "{BAFE1EAE-B8E5-4759-BBB9-2A35A3F3C761}"
EndProject
Global
	GlobalSection(SolutionConfigurationPlatforms) = preSolution
		Debug|Any CPU = Debug|Any CPU
		Release|Any CPU = Release|Any CPU
	EndGlobalSection
	GlobalSection(ProjectConfigurationPlatforms) = postSolution
		{BAFE1EAE-B8E5-4759-BBB9-2A35A3F3C761}.Debug|Any CPU.ActiveCfg = Debug|Any CPU
		{BAFE1EAE-B8E5-4759-BBB9-2A35A3F3C761}.Debug|Any CPU.Build.0 = Debug|Any CPU
		{BAFE1EAE-B8E5-4759-BBB9-2A35A3F3C761}.Release|Any CPU.ActiveCfg = Release|Any CPU
		{BAFE1EAE-B8E5-4759-BBB9-2A35A3F3C761}.Release|Any CPU.Build.0 = Release|Any CPU
	EndGlobalSection
	GlobalSection(SolutionProperties) = preSolution
		HideSolutionNode = FALSE
	EndGlobalSection
	GlobalSection(ExtensibilityGlobals) = postSolution
		SolutionGuid = {C713BF3C-C2D8-4C23-82B4-E0E176A6C306}
	EndGlobalSection
EndGlobal
