
Microsoft Visual Studio Solution File, Format Version 12.00
# Visual Studio 15
VisualStudioVersion = 15.0.27703.2000
MinimumVisualStudioVersion = 10.0.40219.1
Project("{F184B08F-C81C-45F6-A57F-5ABD9991F28F}") = "DashboardLayoutDemo", "DashboardLayoutDemo.vbproj", "{FC2847ED-30FD-0D8E-0704-B4193D244DFD}"
EndProject
Global
	GlobalSection(SolutionConfigurationPlatforms) = preSolution
		Debug|Any CPU = Debug|Any CPU
		Release|Any CPU = Release|Any CPU
	EndGlobalSection
	GlobalSection(ProjectConfigurationPlatforms) = postSolution
		{FC2847ED-30FD-0D8E-0704-B4193D244DFD}.Debug|Any CPU.ActiveCfg = Debug|Any CPU
		{FC2847ED-30FD-0D8E-0704-B4193D244DFD}.Debug|Any CPU.Build.0 = Debug|Any CPU
		{FC2847ED-30FD-0D8E-0704-B4193D244DFD}.Release|Any CPU.ActiveCfg = Release|Any CPU
		{FC2847ED-30FD-0D8E-0704-B4193D244DFD}.Release|Any CPU.Build.0 = Release|Any CPU
	EndGlobalSection
	GlobalSection(SolutionProperties) = preSolution
		HideSolutionNode = FALSE
	EndGlobalSection
	GlobalSection(ExtensibilityGlobals) = postSolution
		SolutionGuid = {35632C2A-947D-4906-BC84-6E6EA3736488}
	EndGlobalSection
EndGlobal
