
Microsoft Visual Studio Solution File, Format Version 12.00
# Visual Studio 14
VisualStudioVersion = 14.0.25420.1
MinimumVisualStudioVersion = 10.0.40219.1
Project("{547E490F-6D77-426F-AA5A-875DFEB70EBB}") = "DynamicStyles.vbproj", "DynamicStyles.vbproj", "{3577C845-B5CA-463E-B544-71E94A59B456}"
EndProject
Global
	GlobalSection(SolutionConfigurationPlatforms) = preSolution
		Debug|Any CPU = Debug|Any CPU
		Release|Any CPU = Release|Any CPU
	EndGlobalSection
	GlobalSection(ProjectConfigurationPlatforms) = postSolution
		{3577C845-B5CA-463E-B544-71E94A59B456}.Debug|Any CPU.ActiveCfg = Debug|Any CPU
		{3577C845-B5CA-463E-B544-71E94A59B456}.Debug|Any CPU.Build.0 = Debug|Any CPU
		{3577C845-B5CA-463E-B544-71E94A59B456}.Release|Any CPU.ActiveCfg = Release|Any CPU
		{3577C845-B5CA-463E-B544-71E94A59B456}.Release|Any CPU.Build.0 = Release|Any CPU
	EndGlobalSection
	GlobalSection(SolutionProperties) = preSolution
		HideSolutionNode = FALSE
	EndGlobalSection
EndGlobal
