
Microsoft Visual Studio Solution File, Format Version 12.00
# Visual Studio Version 16
VisualStudioVersion = 16.0.28917.182
MinimumVisualStudioVersion = 10.0.40219.1
Project("{D954291E-2A0B-460D-934E-DC6B0785DB48}") = "Model", "Model\Model.shproj", "{925385E9-86F8-4ABE-B782-FA63C95DA54A}"
EndProject
Project("{FAE04EC0-301F-11D3-BF4B-00C04F79EFBC}") = "DashboardWinForms", "DashboardWinForms\DashboardWinForms.csproj", "{501EB52F-52CC-4137-A447-48BBE7158851}"
EndProject
Project("{9A19103F-16F7-4668-BE54-9A1E7A4F7556}") = "DashboardWinFormsCore", "DashboardWinFormsCore\DashboardWinFormsCore.csproj", "{C2199EF0-7798-45E7-B200-B13178714D15}"
	ProjectSection(ProjectDependencies) = postProject
		{501EB52F-52CC-4137-A447-48BBE7158851} = {501EB52F-52CC-4137-A447-48BBE7158851}
	EndProjectSection
EndProject
Global
	GlobalSection(SharedMSBuildProjectFiles) = preSolution
		Model\Model.projitems*{501eb52f-52cc-4137-a447-48bbe7158851}*SharedItemsImports = 4
		Model\Model.projitems*{925385e9-86f8-4abe-b782-fa63c95da54a}*SharedItemsImports = 13
		Model\Model.projitems*{c2199ef0-7798-45e7-b200-b13178714d15}*SharedItemsImports = 5
	EndGlobalSection
	GlobalSection(SolutionConfigurationPlatforms) = preSolution
		Debug - GrapeCity|Any CPU = Debug - GrapeCity|Any CPU
		Debug - GrapeCity|ARM = Debug - GrapeCity|ARM
		Debug - GrapeCity|iPhone = Debug - GrapeCity|iPhone
		Debug - GrapeCity|iPhoneSimulator = Debug - GrapeCity|iPhoneSimulator
		Debug - GrapeCity|x64 = Debug - GrapeCity|x64
		Debug - GrapeCity|x86 = Debug - GrapeCity|x86
		Debug - XML|Any CPU = Debug - XML|Any CPU
		Debug - XML|ARM = Debug - XML|ARM
		Debug - XML|iPhone = Debug - XML|iPhone
		Debug - XML|iPhoneSimulator = Debug - XML|iPhoneSimulator
		Debug - XML|x64 = Debug - XML|x64
		Debug - XML|x86 = Debug - XML|x86
		Debug|Any CPU = Debug|Any CPU
		Debug|ARM = Debug|ARM
		Debug|iPhone = Debug|iPhone
		Debug|iPhoneSimulator = Debug|iPhoneSimulator
		Debug|x64 = Debug|x64
		Debug|x86 = Debug|x86
		GCDebug|Any CPU = GCDebug|Any CPU
		GCDebug|ARM = GCDebug|ARM
		GCDebug|iPhone = GCDebug|iPhone
		GCDebug|iPhoneSimulator = GCDebug|iPhoneSimulator
		GCDebug|x64 = GCDebug|x64
		GCDebug|x86 = GCDebug|x86
		GCRelease|Any CPU = GCRelease|Any CPU
		GCRelease|ARM = GCRelease|ARM
		GCRelease|iPhone = GCRelease|iPhone
		GCRelease|iPhoneSimulator = GCRelease|iPhoneSimulator
		GCRelease|x64 = GCRelease|x64
		GCRelease|x86 = GCRelease|x86
		Release_GRAPECITY|Any CPU = Release_GRAPECITY|Any CPU
		Release_GRAPECITY|ARM = Release_GRAPECITY|ARM
		Release_GRAPECITY|iPhone = Release_GRAPECITY|iPhone
		Release_GRAPECITY|iPhoneSimulator = Release_GRAPECITY|iPhoneSimulator
		Release_GRAPECITY|x64 = Release_GRAPECITY|x64
		Release_GRAPECITY|x86 = Release_GRAPECITY|x86
		Release|Any CPU = Release|Any CPU
		Release|ARM = Release|ARM
		Release|iPhone = Release|iPhone
		Release|iPhoneSimulator = Release|iPhoneSimulator
		Release|x64 = Release|x64
		Release|x86 = Release|x86
	EndGlobalSection
	GlobalSection(ProjectConfigurationPlatforms) = postSolution
		{501EB52F-52CC-4137-A447-48BBE7158851}.Debug - GrapeCity|Any CPU.ActiveCfg = Debug|Any CPU
		{501EB52F-52CC-4137-A447-48BBE7158851}.Debug - GrapeCity|Any CPU.Build.0 = Debug|Any CPU
		{501EB52F-52CC-4137-A447-48BBE7158851}.Debug - GrapeCity|ARM.ActiveCfg = Debug|Any CPU
		{501EB52F-52CC-4137-A447-48BBE7158851}.Debug - GrapeCity|ARM.Build.0 = Debug|Any CPU
		{501EB52F-52CC-4137-A447-48BBE7158851}.Debug - GrapeCity|iPhone.ActiveCfg = Debug|Any CPU
		{501EB52F-52CC-4137-A447-48BBE7158851}.Debug - GrapeCity|iPhone.Build.0 = Debug|Any CPU
		{501EB52F-52CC-4137-A447-48BBE7158851}.Debug - GrapeCity|iPhoneSimulator.ActiveCfg = Debug|Any CPU
		{501EB52F-52CC-4137-A447-48BBE7158851}.Debug - GrapeCity|iPhoneSimulator.Build.0 = Debug|Any CPU
		{501EB52F-52CC-4137-A447-48BBE7158851}.Debug - GrapeCity|x64.ActiveCfg = Debug|Any CPU
		{501EB52F-52CC-4137-A447-48BBE7158851}.Debug - GrapeCity|x64.Build.0 = Debug|Any CPU
		{501EB52F-52CC-4137-A447-48BBE7158851}.Debug - GrapeCity|x86.ActiveCfg = Debug|Any CPU
		{501EB52F-52CC-4137-A447-48BBE7158851}.Debug - GrapeCity|x86.Build.0 = Debug|Any CPU
		{501EB52F-52CC-4137-A447-48BBE7158851}.Debug - XML|Any CPU.ActiveCfg = Debug|Any CPU
		{501EB52F-52CC-4137-A447-48BBE7158851}.Debug - XML|Any CPU.Build.0 = Debug|Any CPU
		{501EB52F-52CC-4137-A447-48BBE7158851}.Debug - XML|ARM.ActiveCfg = Debug|Any CPU
		{501EB52F-52CC-4137-A447-48BBE7158851}.Debug - XML|ARM.Build.0 = Debug|Any CPU
		{501EB52F-52CC-4137-A447-48BBE7158851}.Debug - XML|iPhone.ActiveCfg = Debug|Any CPU
		{501EB52F-52CC-4137-A447-48BBE7158851}.Debug - XML|iPhone.Build.0 = Debug|Any CPU
		{501EB52F-52CC-4137-A447-48BBE7158851}.Debug - XML|iPhoneSimulator.ActiveCfg = Debug|Any CPU
		{501EB52F-52CC-4137-A447-48BBE7158851}.Debug - XML|iPhoneSimulator.Build.0 = Debug|Any CPU
		{501EB52F-52CC-4137-A447-48BBE7158851}.Debug - XML|x64.ActiveCfg = Debug|Any CPU
		{501EB52F-52CC-4137-A447-48BBE7158851}.Debug - XML|x64.Build.0 = Debug|Any CPU
		{501EB52F-52CC-4137-A447-48BBE7158851}.Debug - XML|x86.ActiveCfg = Debug|Any CPU
		{501EB52F-52CC-4137-A447-48BBE7158851}.Debug - XML|x86.Build.0 = Debug|Any CPU
		{501EB52F-52CC-4137-A447-48BBE7158851}.Debug|Any CPU.ActiveCfg = Debug|Any CPU
		{501EB52F-52CC-4137-A447-48BBE7158851}.Debug|Any CPU.Build.0 = Debug|Any CPU
		{501EB52F-52CC-4137-A447-48BBE7158851}.Debug|ARM.ActiveCfg = Debug|Any CPU
		{501EB52F-52CC-4137-A447-48BBE7158851}.Debug|ARM.Build.0 = Debug|Any CPU
		{501EB52F-52CC-4137-A447-48BBE7158851}.Debug|iPhone.ActiveCfg = Debug|Any CPU
		{501EB52F-52CC-4137-A447-48BBE7158851}.Debug|iPhone.Build.0 = Debug|Any CPU
		{501EB52F-52CC-4137-A447-48BBE7158851}.Debug|iPhoneSimulator.ActiveCfg = Debug|Any CPU
		{501EB52F-52CC-4137-A447-48BBE7158851}.Debug|iPhoneSimulator.Build.0 = Debug|Any CPU
		{501EB52F-52CC-4137-A447-48BBE7158851}.Debug|x64.ActiveCfg = Debug|Any CPU
		{501EB52F-52CC-4137-A447-48BBE7158851}.Debug|x64.Build.0 = Debug|Any CPU
		{501EB52F-52CC-4137-A447-48BBE7158851}.Debug|x86.ActiveCfg = Debug|Any CPU
		{501EB52F-52CC-4137-A447-48BBE7158851}.Debug|x86.Build.0 = Debug|Any CPU
		{501EB52F-52CC-4137-A447-48BBE7158851}.GCDebug|Any CPU.ActiveCfg = Debug|Any CPU
		{501EB52F-52CC-4137-A447-48BBE7158851}.GCDebug|Any CPU.Build.0 = Debug|Any CPU
		{501EB52F-52CC-4137-A447-48BBE7158851}.GCDebug|ARM.ActiveCfg = Debug|Any CPU
		{501EB52F-52CC-4137-A447-48BBE7158851}.GCDebug|ARM.Build.0 = Debug|Any CPU
		{501EB52F-52CC-4137-A447-48BBE7158851}.GCDebug|iPhone.ActiveCfg = Debug|Any CPU
		{501EB52F-52CC-4137-A447-48BBE7158851}.GCDebug|iPhone.Build.0 = Debug|Any CPU
		{501EB52F-52CC-4137-A447-48BBE7158851}.GCDebug|iPhoneSimulator.ActiveCfg = Debug|Any CPU
		{501EB52F-52CC-4137-A447-48BBE7158851}.GCDebug|iPhoneSimulator.Build.0 = Debug|Any CPU
		{501EB52F-52CC-4137-A447-48BBE7158851}.GCDebug|x64.ActiveCfg = Debug|Any CPU
		{501EB52F-52CC-4137-A447-48BBE7158851}.GCDebug|x64.Build.0 = Debug|Any CPU
		{501EB52F-52CC-4137-A447-48BBE7158851}.GCDebug|x86.ActiveCfg = Debug|Any CPU
		{501EB52F-52CC-4137-A447-48BBE7158851}.GCDebug|x86.Build.0 = Debug|Any CPU
		{501EB52F-52CC-4137-A447-48BBE7158851}.GCRelease|Any CPU.ActiveCfg = Release|Any CPU
		{501EB52F-52CC-4137-A447-48BBE7158851}.GCRelease|Any CPU.Build.0 = Release|Any CPU
		{501EB52F-52CC-4137-A447-48BBE7158851}.GCRelease|ARM.ActiveCfg = Release|Any CPU
		{501EB52F-52CC-4137-A447-48BBE7158851}.GCRelease|ARM.Build.0 = Release|Any CPU
		{501EB52F-52CC-4137-A447-48BBE7158851}.GCRelease|iPhone.ActiveCfg = Release|Any CPU
		{501EB52F-52CC-4137-A447-48BBE7158851}.GCRelease|iPhone.Build.0 = Release|Any CPU
		{501EB52F-52CC-4137-A447-48BBE7158851}.GCRelease|iPhoneSimulator.ActiveCfg = Release|Any CPU
		{501EB52F-52CC-4137-A447-48BBE7158851}.GCRelease|iPhoneSimulator.Build.0 = Release|Any CPU
		{501EB52F-52CC-4137-A447-48BBE7158851}.GCRelease|x64.ActiveCfg = Release|Any CPU
		{501EB52F-52CC-4137-A447-48BBE7158851}.GCRelease|x64.Build.0 = Release|Any CPU
		{501EB52F-52CC-4137-A447-48BBE7158851}.GCRelease|x86.ActiveCfg = Release|Any CPU
		{501EB52F-52CC-4137-A447-48BBE7158851}.GCRelease|x86.Build.0 = Release|Any CPU
		{501EB52F-52CC-4137-A447-48BBE7158851}.Release_GRAPECITY|Any CPU.ActiveCfg = Release|Any CPU
		{501EB52F-52CC-4137-A447-48BBE7158851}.Release_GRAPECITY|Any CPU.Build.0 = Release|Any CPU
		{501EB52F-52CC-4137-A447-48BBE7158851}.Release_GRAPECITY|ARM.ActiveCfg = Release|Any CPU
		{501EB52F-52CC-4137-A447-48BBE7158851}.Release_GRAPECITY|ARM.Build.0 = Release|Any CPU
		{501EB52F-52CC-4137-A447-48BBE7158851}.Release_GRAPECITY|iPhone.ActiveCfg = Release|Any CPU
		{501EB52F-52CC-4137-A447-48BBE7158851}.Release_GRAPECITY|iPhone.Build.0 = Release|Any CPU
		{501EB52F-52CC-4137-A447-48BBE7158851}.Release_GRAPECITY|iPhoneSimulator.ActiveCfg = Release|Any CPU
		{501EB52F-52CC-4137-A447-48BBE7158851}.Release_GRAPECITY|iPhoneSimulator.Build.0 = Release|Any CPU
		{501EB52F-52CC-4137-A447-48BBE7158851}.Release_GRAPECITY|x64.ActiveCfg = Release|Any CPU
		{501EB52F-52CC-4137-A447-48BBE7158851}.Release_GRAPECITY|x64.Build.0 = Release|Any CPU
		{501EB52F-52CC-4137-A447-48BBE7158851}.Release_GRAPECITY|x86.ActiveCfg = Release|Any CPU
		{501EB52F-52CC-4137-A447-48BBE7158851}.Release_GRAPECITY|x86.Build.0 = Release|Any CPU
		{501EB52F-52CC-4137-A447-48BBE7158851}.Release|Any CPU.ActiveCfg = Release|Any CPU
		{501EB52F-52CC-4137-A447-48BBE7158851}.Release|Any CPU.Build.0 = Release|Any CPU
		{501EB52F-52CC-4137-A447-48BBE7158851}.Release|ARM.ActiveCfg = Release|Any CPU
		{501EB52F-52CC-4137-A447-48BBE7158851}.Release|ARM.Build.0 = Release|Any CPU
		{501EB52F-52CC-4137-A447-48BBE7158851}.Release|iPhone.ActiveCfg = Release|Any CPU
		{501EB52F-52CC-4137-A447-48BBE7158851}.Release|iPhone.Build.0 = Release|Any CPU
		{501EB52F-52CC-4137-A447-48BBE7158851}.Release|iPhoneSimulator.ActiveCfg = Release|Any CPU
		{501EB52F-52CC-4137-A447-48BBE7158851}.Release|iPhoneSimulator.Build.0 = Release|Any CPU
		{501EB52F-52CC-4137-A447-48BBE7158851}.Release|x64.ActiveCfg = Release|Any CPU
		{501EB52F-52CC-4137-A447-48BBE7158851}.Release|x64.Build.0 = Release|Any CPU
		{501EB52F-52CC-4137-A447-48BBE7158851}.Release|x86.ActiveCfg = Release|Any CPU
		{501EB52F-52CC-4137-A447-48BBE7158851}.Release|x86.Build.0 = Release|Any CPU
		{C2199EF0-7798-45E7-B200-B13178714D15}.Debug - GrapeCity|Any CPU.ActiveCfg = Debug|Any CPU
		{C2199EF0-7798-45E7-B200-B13178714D15}.Debug - GrapeCity|Any CPU.Build.0 = Debug|Any CPU
		{C2199EF0-7798-45E7-B200-B13178714D15}.Debug - GrapeCity|ARM.ActiveCfg = Debug|Any CPU
		{C2199EF0-7798-45E7-B200-B13178714D15}.Debug - GrapeCity|ARM.Build.0 = Debug|Any CPU
		{C2199EF0-7798-45E7-B200-B13178714D15}.Debug - GrapeCity|iPhone.ActiveCfg = Debug|Any CPU
		{C2199EF0-7798-45E7-B200-B13178714D15}.Debug - GrapeCity|iPhone.Build.0 = Debug|Any CPU
		{C2199EF0-7798-45E7-B200-B13178714D15}.Debug - GrapeCity|iPhoneSimulator.ActiveCfg = Debug|Any CPU
		{C2199EF0-7798-45E7-B200-B13178714D15}.Debug - GrapeCity|iPhoneSimulator.Build.0 = Debug|Any CPU
		{C2199EF0-7798-45E7-B200-B13178714D15}.Debug - GrapeCity|x64.ActiveCfg = Debug|Any CPU
		{C2199EF0-7798-45E7-B200-B13178714D15}.Debug - GrapeCity|x64.Build.0 = Debug|Any CPU
		{C2199EF0-7798-45E7-B200-B13178714D15}.Debug - GrapeCity|x86.ActiveCfg = Debug|Any CPU
		{C2199EF0-7798-45E7-B200-B13178714D15}.Debug - GrapeCity|x86.Build.0 = Debug|Any CPU
		{C2199EF0-7798-45E7-B200-B13178714D15}.Debug - XML|Any CPU.ActiveCfg = Debug|Any CPU
		{C2199EF0-7798-45E7-B200-B13178714D15}.Debug - XML|Any CPU.Build.0 = Debug|Any CPU
		{C2199EF0-7798-45E7-B200-B13178714D15}.Debug - XML|ARM.ActiveCfg = Debug|Any CPU
		{C2199EF0-7798-45E7-B200-B13178714D15}.Debug - XML|ARM.Build.0 = Debug|Any CPU
		{C2199EF0-7798-45E7-B200-B13178714D15}.Debug - XML|iPhone.ActiveCfg = Debug|Any CPU
		{C2199EF0-7798-45E7-B200-B13178714D15}.Debug - XML|iPhone.Build.0 = Debug|Any CPU
		{C2199EF0-7798-45E7-B200-B13178714D15}.Debug - XML|iPhoneSimulator.ActiveCfg = Debug|Any CPU
		{C2199EF0-7798-45E7-B200-B13178714D15}.Debug - XML|iPhoneSimulator.Build.0 = Debug|Any CPU
		{C2199EF0-7798-45E7-B200-B13178714D15}.Debug - XML|x64.ActiveCfg = Debug|Any CPU
		{C2199EF0-7798-45E7-B200-B13178714D15}.Debug - XML|x64.Build.0 = Debug|Any CPU
		{C2199EF0-7798-45E7-B200-B13178714D15}.Debug - XML|x86.ActiveCfg = Debug|Any CPU
		{C2199EF0-7798-45E7-B200-B13178714D15}.Debug - XML|x86.Build.0 = Debug|Any CPU
		{C2199EF0-7798-45E7-B200-B13178714D15}.Debug|Any CPU.ActiveCfg = Debug|Any CPU
		{C2199EF0-7798-45E7-B200-B13178714D15}.Debug|Any CPU.Build.0 = Debug|Any CPU
		{C2199EF0-7798-45E7-B200-B13178714D15}.Debug|ARM.ActiveCfg = Debug|Any CPU
		{C2199EF0-7798-45E7-B200-B13178714D15}.Debug|ARM.Build.0 = Debug|Any CPU
		{C2199EF0-7798-45E7-B200-B13178714D15}.Debug|iPhone.ActiveCfg = Debug|Any CPU
		{C2199EF0-7798-45E7-B200-B13178714D15}.Debug|iPhone.Build.0 = Debug|Any CPU
		{C2199EF0-7798-45E7-B200-B13178714D15}.Debug|iPhoneSimulator.ActiveCfg = Debug|Any CPU
		{C2199EF0-7798-45E7-B200-B13178714D15}.Debug|iPhoneSimulator.Build.0 = Debug|Any CPU
		{C2199EF0-7798-45E7-B200-B13178714D15}.Debug|x64.ActiveCfg = Debug|Any CPU
		{C2199EF0-7798-45E7-B200-B13178714D15}.Debug|x64.Build.0 = Debug|Any CPU
		{C2199EF0-7798-45E7-B200-B13178714D15}.Debug|x86.ActiveCfg = Debug|Any CPU
		{C2199EF0-7798-45E7-B200-B13178714D15}.Debug|x86.Build.0 = Debug|Any CPU
		{C2199EF0-7798-45E7-B200-B13178714D15}.GCDebug|Any CPU.ActiveCfg = Debug|Any CPU
		{C2199EF0-7798-45E7-B200-B13178714D15}.GCDebug|Any CPU.Build.0 = Debug|Any CPU
		{C2199EF0-7798-45E7-B200-B13178714D15}.GCDebug|ARM.ActiveCfg = Debug|Any CPU
		{C2199EF0-7798-45E7-B200-B13178714D15}.GCDebug|ARM.Build.0 = Debug|Any CPU
		{C2199EF0-7798-45E7-B200-B13178714D15}.GCDebug|iPhone.ActiveCfg = Debug|Any CPU
		{C2199EF0-7798-45E7-B200-B13178714D15}.GCDebug|iPhone.Build.0 = Debug|Any CPU
		{C2199EF0-7798-45E7-B200-B13178714D15}.GCDebug|iPhoneSimulator.ActiveCfg = Debug|Any CPU
		{C2199EF0-7798-45E7-B200-B13178714D15}.GCDebug|iPhoneSimulator.Build.0 = Debug|Any CPU
		{C2199EF0-7798-45E7-B200-B13178714D15}.GCDebug|x64.ActiveCfg = Debug|Any CPU
		{C2199EF0-7798-45E7-B200-B13178714D15}.GCDebug|x64.Build.0 = Debug|Any CPU
		{C2199EF0-7798-45E7-B200-B13178714D15}.GCDebug|x86.ActiveCfg = Debug|Any CPU
		{C2199EF0-7798-45E7-B200-B13178714D15}.GCDebug|x86.Build.0 = Debug|Any CPU
		{C2199EF0-7798-45E7-B200-B13178714D15}.GCRelease|Any CPU.ActiveCfg = Release|Any CPU
		{C2199EF0-7798-45E7-B200-B13178714D15}.GCRelease|Any CPU.Build.0 = Release|Any CPU
		{C2199EF0-7798-45E7-B200-B13178714D15}.GCRelease|ARM.ActiveCfg = Release|Any CPU
		{C2199EF0-7798-45E7-B200-B13178714D15}.GCRelease|ARM.Build.0 = Release|Any CPU
		{C2199EF0-7798-45E7-B200-B13178714D15}.GCRelease|iPhone.ActiveCfg = Release|Any CPU
		{C2199EF0-7798-45E7-B200-B13178714D15}.GCRelease|iPhone.Build.0 = Release|Any CPU
		{C2199EF0-7798-45E7-B200-B13178714D15}.GCRelease|iPhoneSimulator.ActiveCfg = Release|Any CPU
		{C2199EF0-7798-45E7-B200-B13178714D15}.GCRelease|iPhoneSimulator.Build.0 = Release|Any CPU
		{C2199EF0-7798-45E7-B200-B13178714D15}.GCRelease|x64.ActiveCfg = Release|Any CPU
		{C2199EF0-7798-45E7-B200-B13178714D15}.GCRelease|x64.Build.0 = Release|Any CPU
		{C2199EF0-7798-45E7-B200-B13178714D15}.GCRelease|x86.ActiveCfg = Release|Any CPU
		{C2199EF0-7798-45E7-B200-B13178714D15}.GCRelease|x86.Build.0 = Release|Any CPU
		{C2199EF0-7798-45E7-B200-B13178714D15}.Release_GRAPECITY|Any CPU.ActiveCfg = Release|Any CPU
		{C2199EF0-7798-45E7-B200-B13178714D15}.Release_GRAPECITY|Any CPU.Build.0 = Release|Any CPU
		{C2199EF0-7798-45E7-B200-B13178714D15}.Release_GRAPECITY|ARM.ActiveCfg = Release|Any CPU
		{C2199EF0-7798-45E7-B200-B13178714D15}.Release_GRAPECITY|ARM.Build.0 = Release|Any CPU
		{C2199EF0-7798-45E7-B200-B13178714D15}.Release_GRAPECITY|iPhone.ActiveCfg = Release|Any CPU
		{C2199EF0-7798-45E7-B200-B13178714D15}.Release_GRAPECITY|iPhone.Build.0 = Release|Any CPU
		{C2199EF0-7798-45E7-B200-B13178714D15}.Release_GRAPECITY|iPhoneSimulator.ActiveCfg = Release|Any CPU
		{C2199EF0-7798-45E7-B200-B13178714D15}.Release_GRAPECITY|iPhoneSimulator.Build.0 = Release|Any CPU
		{C2199EF0-7798-45E7-B200-B13178714D15}.Release_GRAPECITY|x64.ActiveCfg = Release|Any CPU
		{C2199EF0-7798-45E7-B200-B13178714D15}.Release_GRAPECITY|x64.Build.0 = Release|Any CPU
		{C2199EF0-7798-45E7-B200-B13178714D15}.Release_GRAPECITY|x86.ActiveCfg = Release|Any CPU
		{C2199EF0-7798-45E7-B200-B13178714D15}.Release_GRAPECITY|x86.Build.0 = Release|Any CPU
		{C2199EF0-7798-45E7-B200-B13178714D15}.Release|Any CPU.ActiveCfg = Release|Any CPU
		{C2199EF0-7798-45E7-B200-B13178714D15}.Release|Any CPU.Build.0 = Release|Any CPU
		{C2199EF0-7798-45E7-B200-B13178714D15}.Release|ARM.ActiveCfg = Release|Any CPU
		{C2199EF0-7798-45E7-B200-B13178714D15}.Release|ARM.Build.0 = Release|Any CPU
		{C2199EF0-7798-45E7-B200-B13178714D15}.Release|iPhone.ActiveCfg = Release|Any CPU
		{C2199EF0-7798-45E7-B200-B13178714D15}.Release|iPhone.Build.0 = Release|Any CPU
		{C2199EF0-7798-45E7-B200-B13178714D15}.Release|iPhoneSimulator.ActiveCfg = Release|Any CPU
		{C2199EF0-7798-45E7-B200-B13178714D15}.Release|iPhoneSimulator.Build.0 = Release|Any CPU
		{C2199EF0-7798-45E7-B200-B13178714D15}.Release|x64.ActiveCfg = Release|Any CPU
		{C2199EF0-7798-45E7-B200-B13178714D15}.Release|x64.Build.0 = Release|Any CPU
		{C2199EF0-7798-45E7-B200-B13178714D15}.Release|x86.ActiveCfg = Release|Any CPU
		{C2199EF0-7798-45E7-B200-B13178714D15}.Release|x86.Build.0 = Release|Any CPU
	EndGlobalSection
	GlobalSection(SolutionProperties) = preSolution
		HideSolutionNode = FALSE
	EndGlobalSection
	GlobalSection(ExtensibilityGlobals) = postSolution
		SolutionGuid = {340ADF48-18C8-44C7-A90F-3E60B7A43B16}
	EndGlobalSection
	GlobalSection(TeamFoundationVersionControl) = preSolution
		SccNumberOfProjects = 5
		SccEnterpriseProvider = {4CA58AB2-18FA-4F8D-95D4-32DDF27D184C}
		SccTeamFoundationServer = https://tfsdevel.componentone.com:8090/tfs/defaultcollection
		SccLocalPath0 = .
		SccProjectUniqueName1 = DashboardWinForms\\DashboardWinForms.csproj
		SccProjectName1 = DashboardWinForms
		SccLocalPath1 = DashboardWinForms
		SccProjectUniqueName2 = Model\\Model.projitems
		SccProjectTopLevelParentUniqueName2 = Model\\Model.shproj
		SccProjectName2 = Model
		SccLocalPath2 = Model
		SccProjectUniqueName3 = Model\\Model.shproj
		SccProjectName3 = Model
		SccLocalPath3 = Model
		SccProjectUniqueName4 = DashboardWinFormsCore\\DashboardWinFormsCore.csproj
		SccProjectName4 = DashboardWinFormsCore
		SccLocalPath4 = DashboardWinFormsCore
	EndGlobalSection
EndGlobal
