
Microsoft Visual Studio Solution File, Format Version 11.00
# Visual Studio 2010
Project("{FAE04EC0-301F-11D3-BF4B-00C04F79EFBC}") = "CreateMenusInCode", "CreateMenusInCode.csproj", "{A2B0FBDE-556A-4CFA-84BC-8C61FE91292E}"
EndProject
Global
	GlobalSection(SolutionConfigurationPlatforms) = preSolution
		Debug|Any CPU = Debug|Any CPU
		Release|Any CPU = Release|Any CPU
	EndGlobalSection
	GlobalSection(ProjectConfigurationPlatforms) = postSolution
		{A2B0FBDE-556A-4CFA-84BC-8C61FE91292E}.Debug|Any CPU.ActiveCfg = Debug|Any CPU
		{A2B0FBDE-556A-4CFA-84BC-8C61FE91292E}.Debug|Any CPU.Build.0 = Debug|Any CPU
		{A2B0FBDE-556A-4CFA-84BC-8C61FE91292E}.Release|Any CPU.ActiveCfg = Release|Any CPU
		{A2B0FBDE-556A-4CFA-84BC-8C61FE91292E}.Release|Any CPU.Build.0 = Release|Any CPU
	EndGlobalSection
	GlobalSection(SolutionProperties) = preSolution
		HideSolutionNode = FALSE
	EndGlobalSection
EndGlobal
