
Microsoft Visual Studio Solution File, Format Version 12.00
# Visual Studio 15
VisualStudioVersion = 15.0.26730.16
MinimumVisualStudioVersion = 10.0.40219.1
Project("{FAE04EC0-301F-11D3-BF4B-00C04F79EFBC}") = "CustomEngine", "CustomEngine.csproj", "{8C7727F0-ED1C-4F12-9A15-0FF9F95D1783}"
EndProject
Global
	GlobalSection(SolutionConfigurationPlatforms) = preSolution
		Debug_GRAPECITY|Any CPU = Debug_GRAPECITY|Any CPU
		Debug|Any CPU = Debug|Any CPU
		Release_GRAPECITY|Any CPU = Release_GRAPECITY|Any CPU
		Release|Any CPU = Release|Any CPU
	EndGlobalSection
	GlobalSection(ProjectConfigurationPlatforms) = postSolution
		{8C7727F0-ED1C-4F12-9A15-0FF9F95D1783}.Debug_GRAPECITY|Any CPU.ActiveCfg = Debug|Any CPU
		{8C7727F0-ED1C-4F12-9A15-0FF9F95D1783}.Debug_GRAPECITY|Any CPU.Build.0 = Debug|Any CPU
		{8C7727F0-ED1C-4F12-9A15-0FF9F95D1783}.Debug|Any CPU.ActiveCfg = Debug|Any CPU
		{8C7727F0-ED1C-4F12-9A15-0FF9F95D1783}.Debug|Any CPU.Build.0 = Debug|Any CPU
		{8C7727F0-ED1C-4F12-9A15-0FF9F95D1783}.Release_GRAPECITY|Any CPU.ActiveCfg = Release|Any CPU
		{8C7727F0-ED1C-4F12-9A15-0FF9F95D1783}.Release_GRAPECITY|Any CPU.Build.0 = Release|Any CPU
		{8C7727F0-ED1C-4F12-9A15-0FF9F95D1783}.Release|Any CPU.ActiveCfg = Release|Any CPU
		{8C7727F0-ED1C-4F12-9A15-0FF9F95D1783}.Release|Any CPU.Build.0 = Release|Any CPU
	EndGlobalSection
	GlobalSection(SolutionProperties) = preSolution
		HideSolutionNode = FALSE
	EndGlobalSection
	GlobalSection(ExtensibilityGlobals) = postSolution
		SolutionGuid = {0CF95B2B-718B-41C1-87ED-B29C75C02E5F}
	EndGlobalSection
EndGlobal
