
Microsoft Visual Studio Solution File, Format Version 12.00
# Visual Studio 14
VisualStudioVersion = 14.0.25420.1
MinimumVisualStudioVersion = 10.0.40219.1
Project("{7CA55DCB-6203-431F-BDE1-B00FF93FEFD5}") = "Serialization.vbproj", "Serialization.vbproj", "{C72341A5-E823-477D-9F0E-D34A84991F68}"
EndProject
Global
	GlobalSection(SolutionConfigurationPlatforms) = preSolution
		Debug|Any CPU = Debug|Any CPU
		Release|Any CPU = Release|Any CPU
	EndGlobalSection
	GlobalSection(ProjectConfigurationPlatforms) = postSolution
		{C72341A5-E823-477D-9F0E-D34A84991F68}.Debug|Any CPU.ActiveCfg = Debug|Any CPU
		{C72341A5-E823-477D-9F0E-D34A84991F68}.Debug|Any CPU.Build.0 = Debug|Any CPU
		{C72341A5-E823-477D-9F0E-D34A84991F68}.Release|Any CPU.ActiveCfg = Release|Any CPU
		{C72341A5-E823-477D-9F0E-D34A84991F68}.Release|Any CPU.Build.0 = Release|Any CPU
	EndGlobalSection
	GlobalSection(SolutionProperties) = preSolution
		HideSolutionNode = FALSE
	EndGlobalSection
EndGlobal
