
Microsoft Visual Studio Solution File, Format Version 11.00
# Visual Studio 2010
Project("{FAE04EC0-301F-11D3-BF4B-00C04F79EFBC}") = "CustomSplitters", "CustomSplitters.csproj", "{7A899D68-5B52-4809-A293-474E7813A432}"
EndProject
Global
	GlobalSection(SolutionConfigurationPlatforms) = preSolution
		Debug|Any CPU = Debug|Any CPU
		Release|Any CPU = Release|Any CPU
	EndGlobalSection
	GlobalSection(ProjectConfigurationPlatforms) = postSolution
		{7A899D68-5B52-4809-A293-474E7813A432}.Debug|Any CPU.ActiveCfg = Debug|Any CPU
		{7A899D68-5B52-4809-A293-474E7813A432}.Debug|Any CPU.Build.0 = Debug|Any CPU
		{7A899D68-5B52-4809-A293-474E7813A432}.Release|Any CPU.ActiveCfg = Release|Any CPU
		{7A899D68-5B52-4809-A293-474E7813A432}.Release|Any CPU.Build.0 = Release|Any CPU
	EndGlobalSection
	GlobalSection(SolutionProperties) = preSolution
		HideSolutionNode = FALSE
	EndGlobalSection
EndGlobal
