
Microsoft Visual Studio Solution File, Format Version 12.00
# Visual Studio 2013
VisualStudioVersion = 12.0.30501.0
MinimumVisualStudioVersion = 10.0.40219.1
Project("{FAE04EC0-301F-11D3-BF4B-00C04F79EFBC}") = "FlexCommonTasks", "FlexCommonTasks.csproj", "{24E55BE0-B8FA-4A09-8A00-F0929007B77C}"
EndProject
Global
	GlobalSection(TeamFoundationVersionControl) = preSolution
		SccNumberOfProjects = 2
		SccEnterpriseProvider = {4CA58AB2-18FA-4F8D-95D4-32DDF27D184C}
		SccTeamFoundationServer = https://tfsdevel.componentone.com:8090/tfs/defaultcollection
		SccLocalPath0 = .
		SccProjectUniqueName1 = FlexCommonTasks.csproj
		SccLocalPath1 = .
	EndGlobalSection
	GlobalSection(SolutionConfigurationPlatforms) = preSolution
		Debug|Any CPU = Debug|Any CPU
		Release|Any CPU = Release|Any CPU
	EndGlobalSection
	GlobalSection(ProjectConfigurationPlatforms) = postSolution
		{24E55BE0-B8FA-4A09-8A00-F0929007B77C}.Debug|Any CPU.ActiveCfg = Debug|Any CPU
		{24E55BE0-B8FA-4A09-8A00-F0929007B77C}.Debug|Any CPU.Build.0 = Debug|Any CPU
		{24E55BE0-B8FA-4A09-8A00-F0929007B77C}.Release|Any CPU.ActiveCfg = Release|Any CPU
		{24E55BE0-B8FA-4A09-8A00-F0929007B77C}.Release|Any CPU.Build.0 = Release|Any CPU
	EndGlobalSection
	GlobalSection(SolutionProperties) = preSolution
		HideSolutionNode = FALSE
	EndGlobalSection
EndGlobal
