
Microsoft Visual Studio Solution File, Format Version 12.00
# Visual Studio Version 16
VisualStudioVersion = 16.0.29613.14
MinimumVisualStudioVersion = 10.0.40219.1
Project("{FAE04EC0-301F-11D3-BF4B-00C04F79EFBC}") = "CustomUI", "CustomUI.csproj", "{01630A0F-8984-41F8-AA67-7AB3A0252B95}"
EndProject
Global
	GlobalSection(SolutionConfigurationPlatforms) = preSolution
		Debug|Any CPU = Debug|Any CPU
		Release|Any CPU = Release|Any CPU
	EndGlobalSection
	GlobalSection(ProjectConfigurationPlatforms) = postSolution
		{01630A0F-8984-41F8-AA67-7AB3A0252B95}.Debug|Any CPU.ActiveCfg = Debug|Any CPU
		{01630A0F-8984-41F8-AA67-7AB3A0252B95}.Debug|Any CPU.Build.0 = Debug|Any CPU
		{01630A0F-8984-41F8-AA67-7AB3A0252B95}.Release|Any CPU.ActiveCfg = Release|Any CPU
		{01630A0F-8984-41F8-AA67-7AB3A0252B95}.Release|Any CPU.Build.0 = Release|Any CPU
	EndGlobalSection
	GlobalSection(SolutionProperties) = preSolution
		HideSolutionNode = FALSE
	EndGlobalSection
	GlobalSection(ExtensibilityGlobals) = postSolution
		SolutionGuid = {3232E165-0B00-45C8-BFE3-60BF32752540}
	EndGlobalSection
EndGlobal
