
Microsoft Visual Studio Solution File, Format Version 12.00
# Visual Studio 14
VisualStudioVersion = 14.0.25420.1
MinimumVisualStudioVersion = 10.0.40219.1
Project("{FAE04EC0-301F-11D3-BF4B-00C04F79EFBC}") = "UnBound", "UnBound.csproj", "{D3CAEC7A-D2BE-4AB7-B9F1-D0EB1C0BA1A8}"
EndProject
Global
	GlobalSection(SolutionConfigurationPlatforms) = preSolution
		Debug|x86 = Debug|x86
		Release|x86 = Release|x86
	EndGlobalSection
	GlobalSection(ProjectConfigurationPlatforms) = postSolution
		{D3CAEC7A-D2BE-4AB7-B9F1-D0EB1C0BA1A8}.Debug|x86.ActiveCfg = Debug|x86
		{D3CAEC7A-D2BE-4AB7-B9F1-D0EB1C0BA1A8}.Debug|x86.Build.0 = Debug|x86
		{D3CAEC7A-D2BE-4AB7-B9F1-D0EB1C0BA1A8}.Release|x86.ActiveCfg = Release|x86
		{D3CAEC7A-D2BE-4AB7-B9F1-D0EB1C0BA1A8}.Release|x86.Build.0 = Release|x86
	EndGlobalSection
	GlobalSection(SolutionProperties) = preSolution
		HideSolutionNode = FALSE
	EndGlobalSection
	GlobalSection(TeamFoundationVersionControl) = preSolution
		SccNumberOfProjects = 2
		SccEnterpriseProvider = {4CA58AB2-18FA-4F8D-95D4-32DDF27D184C}
		SccTeamFoundationServer = https://tfsdevel.componentone.com:8090/tfs/defaultcollection
		SccLocalPath0 = .
		SccProjectUniqueName1 = UnBound.csproj
		SccLocalPath1 = .
	EndGlobalSection
EndGlobal
