
Microsoft Visual Studio Solution File, Format Version 11.00
# Visual Studio 2010
Project("{FAE04EC0-301F-11D3-BF4B-00C04F79EFBC}") = "Classic", "Classic.csproj", "{165108FE-46BF-4BEC-A08E-CDCBD690DF1F}"
EndProject
Global
	GlobalSection(SolutionConfigurationPlatforms) = preSolution
		Debug|Any CPU = Debug|Any CPU
		Debug|x64 = Debug|x64
		GrapeCity Chinese|Any CPU = GrapeCity Chinese|Any CPU
		GrapeCity Chinese|x64 = GrapeCity Chinese|x64
		GrapeCity|Any CPU = GrapeCity|Any CPU
		GrapeCity|x64 = GrapeCity|x64
		Release|Any CPU = Release|Any CPU
		Release|x64 = Release|x64
	EndGlobalSection
	GlobalSection(ProjectConfigurationPlatforms) = postSolution
		{165108FE-46BF-4BEC-A08E-CDCBD690DF1F}.Debug|Any CPU.ActiveCfg = Debug|Any CPU
		{165108FE-46BF-4BEC-A08E-CDCBD690DF1F}.Debug|Any CPU.Build.0 = Debug|Any CPU
		{165108FE-46BF-4BEC-A08E-CDCBD690DF1F}.Debug|x64.ActiveCfg = Debug|x64
		{165108FE-46BF-4BEC-A08E-CDCBD690DF1F}.Debug|x64.Build.0 = Debug|x64
		{165108FE-46BF-4BEC-A08E-CDCBD690DF1F}.GrapeCity Chinese|Any CPU.ActiveCfg = GrapeCity Chinese|Any CPU
		{165108FE-46BF-4BEC-A08E-CDCBD690DF1F}.GrapeCity Chinese|Any CPU.Build.0 = GrapeCity Chinese|Any CPU
		{165108FE-46BF-4BEC-A08E-CDCBD690DF1F}.GrapeCity Chinese|x64.ActiveCfg = GrapeCity Chinese|x64
		{165108FE-46BF-4BEC-A08E-CDCBD690DF1F}.GrapeCity Chinese|x64.Build.0 = GrapeCity Chinese|x64
		{165108FE-46BF-4BEC-A08E-CDCBD690DF1F}.GrapeCity|Any CPU.ActiveCfg = GrapeCity|Any CPU
		{165108FE-46BF-4BEC-A08E-CDCBD690DF1F}.GrapeCity|Any CPU.Build.0 = GrapeCity|Any CPU
		{165108FE-46BF-4BEC-A08E-CDCBD690DF1F}.GrapeCity|x64.ActiveCfg = GrapeCity|x64
		{165108FE-46BF-4BEC-A08E-CDCBD690DF1F}.GrapeCity|x64.Build.0 = GrapeCity|x64
		{165108FE-46BF-4BEC-A08E-CDCBD690DF1F}.Release|Any CPU.ActiveCfg = Release|Any CPU
		{165108FE-46BF-4BEC-A08E-CDCBD690DF1F}.Release|Any CPU.Build.0 = Release|Any CPU
		{165108FE-46BF-4BEC-A08E-CDCBD690DF1F}.Release|x64.ActiveCfg = Release|x64
		{165108FE-46BF-4BEC-A08E-CDCBD690DF1F}.Release|x64.Build.0 = Release|x64
	EndGlobalSection
	GlobalSection(SolutionProperties) = preSolution
		HideSolutionNode = FALSE
	EndGlobalSection
EndGlobal
