
Microsoft Visual Studio Solution File, Format Version 12.00
# Visual Studio Version 17
VisualStudioVersion = 17.13.35818.85
MinimumVisualStudioVersion = 10.0.40219.1
Project("{FAE04EC0-301F-11D3-BF4B-00C04F79EFBC}") = "DataCollectionShowcase", "DataCollectionShowcase.csproj", "{7994BC47-ABF4-4E31-A74F-31C86619871A}"
EndProject
Global
	GlobalSection(SolutionConfigurationPlatforms) = preSolution
		Debug|Any CPU = Debug|Any CPU
		Release|Any CPU = Release|Any CPU
	EndGlobalSection
	GlobalSection(ProjectConfigurationPlatforms) = postSolution
		{7994BC47-ABF4-4E31-A74F-31C86619871A}.Debug|Any CPU.ActiveCfg = Debug|Any CPU
		{7994BC47-ABF4-4E31-A74F-31C86619871A}.Debug|Any CPU.Build.0 = Debug|Any CPU
		{7994BC47-ABF4-4E31-A74F-31C86619871A}.Release|Any CPU.ActiveCfg = Release|Any CPU
		{7994BC47-ABF4-4E31-A74F-31C86619871A}.Release|Any CPU.Build.0 = Release|Any CPU
	EndGlobalSection
	GlobalSection(SolutionProperties) = preSolution
		HideSolutionNode = FALSE
	EndGlobalSection
	GlobalSection(ExtensibilityGlobals) = postSolution
		SolutionGuid = {AB07E893-3C67-4A07-AB75-335B72A4644F}
	EndGlobalSection
EndGlobal
