
Microsoft Visual Studio Solution File, Format Version 12.00
# Visual Studio 14
VisualStudioVersion = 14.0.25420.1
MinimumVisualStudioVersion = 10.0.40219.1
Project("{9113B8A3-BCD1-4CDF-8FFD-3FD9CF4A99E2}") = "StartEditing.csproj", "StartEditing.csproj", "{0313CE91-E967-4BE1-8AF6-35BDAEF6F420}"
EndProject
Global
	GlobalSection(SolutionConfigurationPlatforms) = preSolution
		Debug|Any CPU = Debug|Any CPU
		Release|Any CPU = Release|Any CPU
	EndGlobalSection
	GlobalSection(ProjectConfigurationPlatforms) = postSolution
		{0313CE91-E967-4BE1-8AF6-35BDAEF6F420}.Debug|Any CPU.ActiveCfg = Debug|Any CPU
		{0313CE91-E967-4BE1-8AF6-35BDAEF6F420}.Debug|Any CPU.Build.0 = Debug|Any CPU
		{0313CE91-E967-4BE1-8AF6-35BDAEF6F420}.Release|Any CPU.ActiveCfg = Release|Any CPU
		{0313CE91-E967-4BE1-8AF6-35BDAEF6F420}.Release|Any CPU.Build.0 = Release|Any CPU
	EndGlobalSection
	GlobalSection(SolutionProperties) = preSolution
		HideSolutionNode = FALSE
	EndGlobalSection
EndGlobal
