
Microsoft Visual Studio Solution File, Format Version 11.00
# Visual Studio 2010
Project("{F184B08F-C81C-45F6-A57F-5ABD9991F28F}") = "CustomFiltering", "CustomFiltering.vbproj", "{9A5080ED-6504-4C13-9651-0E8392E3F89F}"
EndProject
Global
	GlobalSection(SolutionConfigurationPlatforms) = preSolution
		Debug|x86 = Debug|x86
		Release|x86 = Release|x86
	EndGlobalSection
	GlobalSection(ProjectConfigurationPlatforms) = postSolution
		{9A5080ED-6504-4C13-9651-0E8392E3F89F}.Debug|x86.ActiveCfg = Debug|x86
		{9A5080ED-6504-4C13-9651-0E8392E3F89F}.Debug|x86.Build.0 = Debug|x86
		{9A5080ED-6504-4C13-9651-0E8392E3F89F}.Release|x86.ActiveCfg = Release|x86
		{9A5080ED-6504-4C13-9651-0E8392E3F89F}.Release|x86.Build.0 = Release|x86
	EndGlobalSection
	GlobalSection(SolutionProperties) = preSolution
		HideSolutionNode = FALSE
	EndGlobalSection
EndGlobal
