
Microsoft Visual Studio Solution File, Format Version 11.00
# Visual Studio 2010
Project("{FAE04EC0-301F-11D3-BF4B-00C04F79EFBC}") = "WebBrowserSpellWpf", "WebBrowserSpellWpf.csproj", "{AE13CDE8-8017-464A-B647-3ACA50ABD3F9}"
EndProject
Global
	GlobalSection(SolutionConfigurationPlatforms) = preSolution
		Debug|Any CPU = Debug|Any CPU
		Release|Any CPU = Release|Any CPU
	EndGlobalSection
	GlobalSection(ProjectConfigurationPlatforms) = postSolution
		{AE13CDE8-8017-464A-B647-3ACA50ABD3F9}.Debug|Any CPU.ActiveCfg = Debug|Any CPU
		{AE13CDE8-8017-464A-B647-3ACA50ABD3F9}.Debug|Any CPU.Build.0 = Debug|Any CPU
		{AE13CDE8-8017-464A-B647-3ACA50ABD3F9}.Release|Any CPU.ActiveCfg = Release|Any CPU
		{AE13CDE8-8017-464A-B647-3ACA50ABD3F9}.Release|Any CPU.Build.0 = Release|Any CPU
	EndGlobalSection
	GlobalSection(SolutionProperties) = preSolution
		HideSolutionNode = FALSE
	EndGlobalSection
EndGlobal
