
Microsoft Visual Studio Solution File, Format Version 12.00
# Visual Studio 14
VisualStudioVersion = 14.0.25420.1
MinimumVisualStudioVersion = 10.0.40219.1
Project("{803C7466-AE9F-427C-B340-5D32F431E67C}") = "Subtotals.csproj", "Subtotals.csproj", "{47CB4782-0488-4D69-9A63-55031316C995}"
EndProject
Global
	GlobalSection(SolutionConfigurationPlatforms) = preSolution
		Debug|Any CPU = Debug|Any CPU
		Release|Any CPU = Release|Any CPU
	EndGlobalSection
	GlobalSection(ProjectConfigurationPlatforms) = postSolution
		{47CB4782-0488-4D69-9A63-55031316C995}.Debug|Any CPU.ActiveCfg = Debug|Any CPU
		{47CB4782-0488-4D69-9A63-55031316C995}.Debug|Any CPU.Build.0 = Debug|Any CPU
		{47CB4782-0488-4D69-9A63-55031316C995}.Release|Any CPU.ActiveCfg = Release|Any CPU
		{47CB4782-0488-4D69-9A63-55031316C995}.Release|Any CPU.Build.0 = Release|Any CPU
	EndGlobalSection
	GlobalSection(SolutionProperties) = preSolution
		HideSolutionNode = FALSE
	EndGlobalSection
EndGlobal
