
Microsoft Visual Studio Solution File, Format Version 12.00
# Visual Studio 14
VisualStudioVersion = 14.0.25420.1
MinimumVisualStudioVersion = 10.0.40219.1
Project("{9874B398-B933-4554-9C96-5CF6762520E2}") = "MultiColumnDictionaryVB.vbproj", "MultiColumnDictionaryVB.vbproj", "{9CA3798A-BA71-4E58-8226-713AEEADD2E1}"
EndProject
Global
	GlobalSection(SolutionConfigurationPlatforms) = preSolution
		Debug|Any CPU = Debug|Any CPU
		Release|Any CPU = Release|Any CPU
	EndGlobalSection
	GlobalSection(ProjectConfigurationPlatforms) = postSolution
		{9CA3798A-BA71-4E58-8226-713AEEADD2E1}.Debug|Any CPU.ActiveCfg = Debug|Any CPU
		{9CA3798A-BA71-4E58-8226-713AEEADD2E1}.Debug|Any CPU.Build.0 = Debug|Any CPU
		{9CA3798A-BA71-4E58-8226-713AEEADD2E1}.Release|Any CPU.ActiveCfg = Release|Any CPU
		{9CA3798A-BA71-4E58-8226-713AEEADD2E1}.Release|Any CPU.Build.0 = Release|Any CPU
	EndGlobalSection
	GlobalSection(SolutionProperties) = preSolution
		HideSolutionNode = FALSE
	EndGlobalSection
EndGlobal
