
Microsoft Visual Studio Solution File, Format Version 12.00
# Visual Studio 14
VisualStudioVersion = 14.0.25420.1
MinimumVisualStudioVersion = 10.0.40219.1
Project("{4BE5BA2A-D456-43FC-858C-3CF4F2133F30}") = "SortNulls.csproj", "SortNulls.csproj", "{EA910318-350A-4EC5-BE00-454666728BB7}"
EndProject
Global
	GlobalSection(SolutionConfigurationPlatforms) = preSolution
		Debug|Any CPU = Debug|Any CPU
		Release|Any CPU = Release|Any CPU
	EndGlobalSection
	GlobalSection(ProjectConfigurationPlatforms) = postSolution
		{EA910318-350A-4EC5-BE00-454666728BB7}.Debug|Any CPU.ActiveCfg = Debug|Any CPU
		{EA910318-350A-4EC5-BE00-454666728BB7}.Debug|Any CPU.Build.0 = Debug|Any CPU
		{EA910318-350A-4EC5-BE00-454666728BB7}.Release|Any CPU.ActiveCfg = Release|Any CPU
		{EA910318-350A-4EC5-BE00-454666728BB7}.Release|Any CPU.Build.0 = Release|Any CPU
	EndGlobalSection
	GlobalSection(SolutionProperties) = preSolution
		HideSolutionNode = FALSE
	EndGlobalSection
EndGlobal
