
Microsoft Visual Studio Solution File, Format Version 12.00
# Visual Studio Version 17
VisualStudioVersion = 17.4.33213.308
MinimumVisualStudioVersion = 10.0.40219.1
Project("{9A19103F-16F7-4668-BE54-9A1E7A4F7556}") = "FlexReportDesignerApp", "FlexReportDesignerApp.csproj", "{B2EAE629-C67D-44B8-9AA3-664B9D1768BE}"
EndProject
Global
	GlobalSection(SolutionConfigurationPlatforms) = preSolution
		Debug|Any CPU = Debug|Any CPU
		Release|Any CPU = Release|Any CPU
	EndGlobalSection
	GlobalSection(ProjectConfigurationPlatforms) = postSolution
		{B2EAE629-C67D-44B8-9AA3-664B9D1768BE}.Debug|Any CPU.ActiveCfg = Debug|Any CPU
		{B2EAE629-C67D-44B8-9AA3-664B9D1768BE}.Debug|Any CPU.Build.0 = Debug|Any CPU
		{B2EAE629-C67D-44B8-9AA3-664B9D1768BE}.Release|Any CPU.ActiveCfg = Release|Any CPU
		{B2EAE629-C67D-44B8-9AA3-664B9D1768BE}.Release|Any CPU.Build.0 = Release|Any CPU
	EndGlobalSection
	GlobalSection(SolutionProperties) = preSolution
		HideSolutionNode = FALSE
	EndGlobalSection
	GlobalSection(ExtensibilityGlobals) = postSolution
		SolutionGuid = {A325D2FF-B12D-489A-BA18-5DA1895A39CD}
	EndGlobalSection
EndGlobal
