
Microsoft Visual Studio Solution File, Format Version 12.00
# Visual Studio Version 16
VisualStudioVersion = 16.0.30626.31
MinimumVisualStudioVersion = 10.0.40219.1
Project("{FAE04EC0-301F-11D3-BF4B-00C04F79EFBC}") = "FlexChartEditableAnnotations", "FlexChartEditableAnnotations.csproj", "{F55E2B04-034D-4624-9BF2-54BAF198727A}"
EndProject
Global
	GlobalSection(SolutionConfigurationPlatforms) = preSolution
		Debug|Any CPU = Debug|Any CPU
		Release|Any CPU = Release|Any CPU
	EndGlobalSection
	GlobalSection(ProjectConfigurationPlatforms) = postSolution
		{F55E2B04-034D-4624-9BF2-54BAF198727A}.Debug|Any CPU.ActiveCfg = Debug|Any CPU
		{F55E2B04-034D-4624-9BF2-54BAF198727A}.Debug|Any CPU.Build.0 = Debug|Any CPU
		{F55E2B04-034D-4624-9BF2-54BAF198727A}.Release|Any CPU.ActiveCfg = Release|Any CPU
		{F55E2B04-034D-4624-9BF2-54BAF198727A}.Release|Any CPU.Build.0 = Release|Any CPU
	EndGlobalSection
	GlobalSection(SolutionProperties) = preSolution
		HideSolutionNode = FALSE
	EndGlobalSection
	GlobalSection(ExtensibilityGlobals) = postSolution
		SolutionGuid = {87EB340B-CDC5-4580-938A-7B935BFC7F5E}
	EndGlobalSection
EndGlobal
