Microsoft Visual Studio Solution File, Format Version 11.00
# Visual Studio 2010
Project("{FAE04EC1-301F-11D3-BF4B-00C04F79EFBC}") = "DataStyl", "DataStyl.csproj", "{7D83C678-D022-4300-B87E-2CB1193B2CEB}"
EndProject
Global
	GlobalSection(SolutionConfigurationPlatforms) = preSolution
		Debug|Any CPU = Debug|Any CPU
		Release|Any CPU = Release|Any CPU
	EndGlobalSection
	GlobalSection(ProjectConfigurationPlatforms) = postSolution
		{7D83C678-D022-4300-B87E-2CB1193B2CEB}.Debug|Any CPU.ActiveCfg = Debug|Any CPU
		{7D83C678-D022-4300-B87E-2CB1193B2CEB}.Debug|Any CPU.Build.0 = Debug|Any CPU
		{7D83C678-D022-4300-B87E-2CB1193B2CEB}.Release|Any CPU.ActiveCfg = Release|Any CPU
		{7D83C678-D022-4300-B87E-2CB1193B2CEB}.Release|Any CPU.Build.0 = Release|Any CPU
	EndGlobalSection
	GlobalSection(SolutionProperties) = preSolution
		HideSolutionNode = FALSE
	EndGlobalSection
EndGlobal
