Microsoft Visual Studio Solution File, Format Version 12.00
# Visual Studio Version 16
VisualStudioVersion = 16.0.30509.190
MinimumVisualStudioVersion = 10.0.40219.1
Project("{FAE04EC0-301F-11D3-BF4B-00C04F79EFBC}") = "BoundModeWithDataSet", "BoundModeWithDataSet.csproj", "{F843B02F-62C5-483C-920C-50936A3AB221}"
EndProject
Global
	GlobalSection(SolutionConfigurationPlatforms) = preSolution
		Debug_GRAPECITY|Any CPU = Debug_GRAPECITY|Any CPU
		Debug|Any CPU = Debug|Any CPU
		Release_GRAPECITY|Any CPU = Release_GRAPECITY|Any CPU
		Release|Any CPU = Release|Any CPU
	EndGlobalSection
	GlobalSection(ProjectConfigurationPlatforms) = postSolution
		{F843B02F-62C5-483C-920C-50936A3AB221}.Debug_GRAPECITY|Any CPU.ActiveCfg = Debug|Any CPU
		{F843B02F-62C5-483C-920C-50936A3AB221}.Debug_GRAPECITY|Any CPU.Build.0 = Debug|Any CPU
		{F843B02F-62C5-483C-920C-50936A3AB221}.Debug|Any CPU.ActiveCfg = Debug|Any CPU
		{F843B02F-62C5-483C-920C-50936A3AB221}.Debug|Any CPU.Build.0 = Debug|Any CPU
		{F843B02F-62C5-483C-920C-50936A3AB221}.Release_GRAPECITY|Any CPU.ActiveCfg = Release|Any CPU
		{F843B02F-62C5-483C-920C-50936A3AB221}.Release_GRAPECITY|Any CPU.Build.0 = Release|Any CPU
		{F843B02F-62C5-483C-920C-50936A3AB221}.Release|Any CPU.ActiveCfg = Release|Any CPU
		{F843B02F-62C5-483C-920C-50936A3AB221}.Release|Any CPU.Build.0 = Release|Any CPU
	EndGlobalSection
	GlobalSection(SolutionProperties) = preSolution
		HideSolutionNode = FALSE
	EndGlobalSection
	GlobalSection(ExtensibilityGlobals) = postSolution
		SolutionGuid = {4C10F249-9098-449A-B3A5-F0BC80BE8445}
	EndGlobalSection
EndGlobal
