
Microsoft Visual Studio Solution File, Format Version 12.00
# Visual Studio 14
VisualStudioVersion = 14.0.25420.1
MinimumVisualStudioVersion = 10.0.40219.1
Project("{066E725D-3E20-4BCA-AE4C-3317B6926095}") = "Blinker.vbproj", "Blinker.vbproj", "{BB1C61EE-3781-406B-A4E9-8FEEA6001064}"
EndProject
Global
	GlobalSection(SolutionConfigurationPlatforms) = preSolution
		Debug|Any CPU = Debug|Any CPU
		Release|Any CPU = Release|Any CPU
	EndGlobalSection
	GlobalSection(ProjectConfigurationPlatforms) = postSolution
		{BB1C61EE-3781-406B-A4E9-8FEEA6001064}.Debug|Any CPU.ActiveCfg = Debug|Any CPU
		{BB1C61EE-3781-406B-A4E9-8FEEA6001064}.Debug|Any CPU.Build.0 = Debug|Any CPU
		{BB1C61EE-3781-406B-A4E9-8FEEA6001064}.Release|Any CPU.ActiveCfg = Release|Any CPU
		{BB1C61EE-3781-406B-A4E9-8FEEA6001064}.Release|Any CPU.Build.0 = Release|Any CPU
	EndGlobalSection
	GlobalSection(SolutionProperties) = preSolution
		HideSolutionNode = FALSE
	EndGlobalSection
EndGlobal
